// !$*UTF8*$!
{
	archiveVersion = 1;
	classes = {
	};
	objectVersion = 56;
	objects = {

/* Begin PBXBuildFile section */
		015540B6BC84DC7F59BF5CDE /* NFTService.swift in Sources */ = {isa = PBXBuildFile; fileRef = 3653A4C973EEB92A6B9EA4F5 /* NFTService.swift */; };
		0372C7F4B326F1EF449E8C2E /* CollectionViewController.swift in Sources */ = {isa = PBXBuildFile; fileRef = 54BF79AFD56D86E7D8E67FDF /* CollectionViewController.swift */; };
		107456A73B8F9677AA2194A4 /* RatingViewPresenter.swift in Sources */ = {isa = PBXBuildFile; fileRef = 54B05435BED5F984B504462F /* RatingViewPresenter.swift */; };
		11677B76270E200F5C8D5DCC /* Profile.swift in Sources */ = {isa = PBXBuildFile; fileRef = 1A7BE3C169BBE788EEAE720B /* Profile.swift */; };
		13F1B41338C1417BC0F19BC1 /* ShoppingBagPaymentPickerViewController.swift in Sources */ = {isa = PBXBuildFile; fileRef = 16F2911D4D4BD23594ABEB9B /* ShoppingBagPaymentPickerViewController.swift */; };
		1449B944C3A25B9E6C7891EC /* RatingViewController.swift in Sources */ = {isa = PBXBuildFile; fileRef = D7CB52CE22090F01296FC0AA /* RatingViewController.swift */; };
		1942FBBE8D31043B6295B8A5 /* CartModel.swift in Sources */ = {isa = PBXBuildFile; fileRef = CC845B41E05BBFB5D161D844 /* CartModel.swift */; };
		1BD9690015FDC532B7C40BEF /* CatalogueString+Extensions.swift in Sources */ = {isa = PBXBuildFile; fileRef = C0D7FB8F14C7B3AEF4666A2A /* CatalogueString+Extensions.swift */; };
		1CC3153E57E67C2D1C566D7A /* CatalogueService.swift in Sources */ = {isa = PBXBuildFile; fileRef = D74BA3B3ECE13D659D48A876 /* CatalogueService.swift */; };
		306BA5B59ACBAB7D17580AAE /* ShoppingBagRouter.swift in Sources */ = {isa = PBXBuildFile; fileRef = C417E826D980755408A69318 /* ShoppingBagRouter.swift */; };
		30CD119FA2150D79B3DC9ED9 /* ShoppingBagLoader.swift in Sources */ = {isa = PBXBuildFile; fileRef = DCEB86D1D659C14D80940E93 /* ShoppingBagLoader.swift */; };
		33F6AD971A5BC1A922CB0421 /* WebViewController.swift in Sources */ = {isa = PBXBuildFile; fileRef = 29508ED8966F86422649F842 /* WebViewController.swift */; };
		38905C20C40154EA23E19FB6 /* UserModel.swift in Sources */ = {isa = PBXBuildFile; fileRef = 93473F75D0085F81E0A836CA /* UserModel.swift */; };
		3B79CC1108DD433714A4B612 /* OrderCell.swift in Sources */ = {isa = PBXBuildFile; fileRef = 4F3060E22772B8804787D1E5 /* OrderCell.swift */; };
		3F478ECF29DB474E00F6D39E /* Colors.swift in Sources */ = {isa = PBXBuildFile; fileRef = 3F478ECE29DB474E00F6D39E /* Colors.swift */; };
		3F478ED129DB476500F6D39E /* Fonts.swift in Sources */ = {isa = PBXBuildFile; fileRef = 3F478ED029DB476500F6D39E /* Fonts.swift */; };
		3F603CCD29DB4A53000C43D7 /* ProgressHUD in Frameworks */ = {isa = PBXBuildFile; productRef = 3F603CCC29DB4A53000C43D7 /* ProgressHUD */; };
		3F603CD029DB4A74000C43D7 /* Kingfisher in Frameworks */ = {isa = PBXBuildFile; productRef = 3F603CCF29DB4A74000C43D7 /* Kingfisher */; };
		3F68069729CBBAF100B4F915 /* AppDelegate.swift in Sources */ = {isa = PBXBuildFile; fileRef = 3F68069629CBBAF100B4F915 /* AppDelegate.swift */; };
		3F68069929CBBAF100B4F915 /* SceneDelegate.swift in Sources */ = {isa = PBXBuildFile; fileRef = 3F68069829CBBAF100B4F915 /* SceneDelegate.swift */; };
		3F68069B29CBBAF100B4F915 /* ProductDetailsTableViewController.swift in Sources */ = {isa = PBXBuildFile; fileRef = 3F68069A29CBBAF100B4F915 /* ProductDetailsTableViewController.swift */; };
		3F68069E29CBBAF100B4F915 /* Main.storyboard in Resources */ = {isa = PBXBuildFile; fileRef = 3F68069C29CBBAF100B4F915 /* Main.storyboard */; };
		3F6806A029CBBAF200B4F915 /* Assets.xcassets in Resources */ = {isa = PBXBuildFile; fileRef = 3F68069F29CBBAF200B4F915 /* Assets.xcassets */; };
		3F6806A329CBBAF200B4F915 /* LaunchScreen.storyboard in Resources */ = {isa = PBXBuildFile; fileRef = 3F6806A129CBBAF200B4F915 /* LaunchScreen.storyboard */; };
		3F6806AE29CBBAF200B4F915 /* ExampleUnitTests.swift in Sources */ = {isa = PBXBuildFile; fileRef = 3F6806AD29CBBAF200B4F915 /* ExampleUnitTests.swift */; };
		3F6806B829CBBAF200B4F915 /* FakeNFTUITests.swift in Sources */ = {isa = PBXBuildFile; fileRef = 3F6806B729CBBAF200B4F915 /* FakeNFTUITests.swift */; };
		3F6806CB29CBBCC700B4F915 /* ExampleNetworkModel.swift in Sources */ = {isa = PBXBuildFile; fileRef = 3F6806CA29CBBCC700B4F915 /* ExampleNetworkModel.swift */; };
		3F6806D129CBBE6B00B4F915 /* NetworkClient.swift in Sources */ = {isa = PBXBuildFile; fileRef = 3F6806D029CBBE6B00B4F915 /* NetworkClient.swift */; };
		3F6806D329CBBE9600B4F915 /* NetworkRequest.swift in Sources */ = {isa = PBXBuildFile; fileRef = 3F6806D229CBBE9600B4F915 /* NetworkRequest.swift */; };
		3F6806D529CBBEC700B4F915 /* NetworkTask.swift in Sources */ = {isa = PBXBuildFile; fileRef = 3F6806D429CBBEC700B4F915 /* NetworkTask.swift */; };
		3F6806D729CBC50A00B4F915 /* CellsReusingUtils.swift in Sources */ = {isa = PBXBuildFile; fileRef = 3F6806D629CBC50A00B4F915 /* CellsReusingUtils.swift */; };
		3F7973E95B92FE3E19B5A05C /* CatalogueCell.swift in Sources */ = {isa = PBXBuildFile; fileRef = 7F3FE50F810965B84D585CB9 /* CatalogueCell.swift */; };
		3FC8C38B29D242E90081F015 /* ProductDetailsTableViewCell.swift in Sources */ = {isa = PBXBuildFile; fileRef = 3FC8C38A29D242E90081F015 /* ProductDetailsTableViewCell.swift */; };
		3FC8C39129D2453B0081F015 /* ExampleRequest.swift in Sources */ = {isa = PBXBuildFile; fileRef = 3FC8C39029D2453B0081F015 /* ExampleRequest.swift */; };
		3FC8C39329D246BA0081F015 /* DateFormatters+Presets.swift in Sources */ = {isa = PBXBuildFile; fileRef = 3FC8C39229D246BA0081F015 /* DateFormatters+Presets.swift */; };
		3FE13BC9D366ECE53E0DAA94 /* NFTPreviewView.swift in Sources */ = {isa = PBXBuildFile; fileRef = B317BD3B105F781B960ABC98 /* NFTPreviewView.swift */; };
		42C6D2E0E5F0D26AEED47544 /* ShoppingBagPaymentPickerPresenter.swift in Sources */ = {isa = PBXBuildFile; fileRef = 1F5915AE7C18162155BAD5C4 /* ShoppingBagPaymentPickerPresenter.swift */; };
		4A9BFD99ECCA28254493A3B6 /* ShoppingBagPaymentPickerViewInput.swift in Sources */ = {isa = PBXBuildFile; fileRef = 501F1072824F9A6657B35353 /* ShoppingBagPaymentPickerViewInput.swift */; };
		4CDC0871681846F3B0C904E7 /* LikesDTO.swift in Sources */ = {isa = PBXBuildFile; fileRef = 6FED7B593A2238499A781BE2 /* LikesDTO.swift */; };
		4D142D932AD53BC00048BE2D /* RatingScreen.strings in Resources */ = {isa = PBXBuildFile; fileRef = 4D142D952AD53BC00048BE2D /* RatingScreen.strings */; };
		4D142D962AD53BC40048BE2D /* RatingScreen.strings in Resources */ = {isa = PBXBuildFile; fileRef = 4D142D982AD53BC40048BE2D /* RatingScreen.strings */; };
		4DFE259D2AEE60F900B32F5B /* StatisticProfileScreen.strings in Resources */ = {isa = PBXBuildFile; fileRef = ADB8E7E6706AACE57CAF53B4 /* StatisticProfileScreen.strings */; };
		4DFE259E2AF2858E00B32F5B /* CollectionScreen.strings in Resources */ = {isa = PBXBuildFile; fileRef = 4DFE25A02AF2858E00B32F5B /* CollectionScreen.strings */; };
		535D135B1A3D325B0F8B0FBB /* CatalogueViewController.swift in Sources */ = {isa = PBXBuildFile; fileRef = 22E9840700CA757CC7B726ED /* CatalogueViewController.swift */; };
		57F6D860B736DA9445D5CF5C /* NFTCollectionModel.swift in Sources */ = {isa = PBXBuildFile; fileRef = 7EA0DF82E0DBB35EA4353582 /* NFTCollectionModel.swift */; };
		596090CA1F067D9BA3D01986 /* CataloguePresenter.swift in Sources */ = {isa = PBXBuildFile; fileRef = 47CBB04A3D2DD772A78B63C4 /* CataloguePresenter.swift */; };
		5E7F0EEDA754C6DC12A832F7 /* ShoppingBagModule.swift in Sources */ = {isa = PBXBuildFile; fileRef = ABCDAA78463214FAE248059B /* ShoppingBagModule.swift */; };
		6148E5713829F171A4CF7699 /* ShoppingBagStateStorage.swift in Sources */ = {isa = PBXBuildFile; fileRef = CE5E7D9EA54BA897D97EAD38 /* ShoppingBagStateStorage.swift */; };
		639101CD50E509E52B8F6131 /* NFTCollectionPresenter.swift in Sources */ = {isa = PBXBuildFile; fileRef = F68C069F8FBD81EAF84BB4A8 /* NFTCollectionPresenter.swift */; };
		6A69F611D5166C7B55596ADC /* ShoppingBagPaymentPickerAssembly.swift in Sources */ = {isa = PBXBuildFile; fileRef = F71A0D2B8904D1CD354BDBA5 /* ShoppingBagPaymentPickerAssembly.swift */; };
		6F81273C54DF60267FE88C53 /* ShoppingOrderService.swift in Sources */ = {isa = PBXBuildFile; fileRef = 2DDF36DD9C395C1EB84E1032 /* ShoppingOrderService.swift */; };
		6FF2D2BA73DEE7A4D1E75D8A /* ShoppingBagAssembly.swift in Sources */ = {isa = PBXBuildFile; fileRef = B1D0B569DF9D905421C5B7AC /* ShoppingBagAssembly.swift */; };
		718C2267CDCA0B62E85C07CC /* ResizableCollectionView.swift in Sources */ = {isa = PBXBuildFile; fileRef = 7B421ED344A4F6CDF69BBF43 /* ResizableCollectionView.swift */; };
		734BF36582215E02052CE4ED /* ProfileModel.swift in Sources */ = {isa = PBXBuildFile; fileRef = 32DA42D338AECA5136069A8E /* ProfileModel.swift */; };
		784DD5CC29215410A09FB5B3 /* NFTCollectionCell.swift in Sources */ = {isa = PBXBuildFile; fileRef = 7F73B864E44D3C472CF43372 /* NFTCollectionCell.swift */; };
		86D79FAE56462D8C66B5E453 /* Constants.swift in Sources */ = {isa = PBXBuildFile; fileRef = E712B21A5A221C2FB002CE82 /* Constants.swift */; };
		8C06D15DAE9E957D1C862E47 /* ProfileViewController.swift in Sources */ = {isa = PBXBuildFile; fileRef = 7914F0BE591D6CF54F6C6B8C /* ProfileViewController.swift */; };
		90BB34FA2ADCB3710087D331 /* Currency.swift in Sources */ = {isa = PBXBuildFile; fileRef = 90BB34F92ADCB3710087D331 /* Currency.swift */; };
		90BB34FC2ADCB3A90087D331 /* CurrencyCell.swift in Sources */ = {isa = PBXBuildFile; fileRef = 90BB34FB2ADCB3A90087D331 /* CurrencyCell.swift */; };
		90BB34FE2ADCB3B10087D331 /* CurrencyCellModel.swift in Sources */ = {isa = PBXBuildFile; fileRef = 90BB34FD2ADCB3B10087D331 /* CurrencyCellModel.swift */; };
		90BB35012ADCBA4F0087D331 /* ShoppingBagPaymentPickerDataSource.swift in Sources */ = {isa = PBXBuildFile; fileRef = 90BB35002ADCBA4F0087D331 /* ShoppingBagPaymentPickerDataSource.swift */; };
		90BB35042ADCBAB90087D331 /* ShoppingBagPaymentPickerModule.swift in Sources */ = {isa = PBXBuildFile; fileRef = 90BB35032ADCBAB90087D331 /* ShoppingBagPaymentPickerModule.swift */; };
		90BB35062ADCC88C0087D331 /* ShoppingBagPaymentPickerLoader.swift in Sources */ = {isa = PBXBuildFile; fileRef = 90BB35052ADCC88C0087D331 /* ShoppingBagPaymentPickerLoader.swift */; };
		90BB35082ADCCBE10087D331 /* ShoppingBagPaymentPickerStateStorage.swift in Sources */ = {isa = PBXBuildFile; fileRef = 90BB35072ADCCBE10087D331 /* ShoppingBagPaymentPickerStateStorage.swift */; };
		90BB350A2ADCD1330087D331 /* PaymentInfo.swift in Sources */ = {isa = PBXBuildFile; fileRef = 90BB35092ADCD1330087D331 /* PaymentInfo.swift */; };
		90BB350F2ADCE9230087D331 /* ShoppingBagPaymentResultsViewController.swift in Sources */ = {isa = PBXBuildFile; fileRef = 90BB350E2ADCE9230087D331 /* ShoppingBagPaymentResultsViewController.swift */; };
		90BB35112ADCE94E0087D331 /* ShoppingBagPaymentResultsAssembly.swift in Sources */ = {isa = PBXBuildFile; fileRef = 90BB35102ADCE94E0087D331 /* ShoppingBagPaymentResultsAssembly.swift */; };
		90BB35132ADCE9580087D331 /* ShoppingBagPaymentResultsPresenter.swift in Sources */ = {isa = PBXBuildFile; fileRef = 90BB35122ADCE9580087D331 /* ShoppingBagPaymentResultsPresenter.swift */; };
		90D2125F2AF287590000EABB /* CollectionScreen.strings in Resources */ = {isa = PBXBuildFile; fileRef = E5F1F0CA12E6C615B821874E /* CollectionScreen.strings */; };
		90D212602AF2875C0000EABB /* StatisticProfileScreen.strings in Resources */ = {isa = PBXBuildFile; fileRef = 644342BFAB727E2BD04E79BC /* StatisticProfileScreen.strings */; };
		999A265F2962BAB370D7B467 /* ShoppingBagPaymentPickerRouter.swift in Sources */ = {isa = PBXBuildFile; fileRef = 82CF74525008D7DC093401ED /* ShoppingBagPaymentPickerRouter.swift */; };
		9DB13729405BD6CB6080B9A5 /* OrderCellModel.swift in Sources */ = {isa = PBXBuildFile; fileRef = F1FE6E328BF2B98D40D71291 /* OrderCellModel.swift */; };
		9F905F1E26A31FA46265D573 /* NFTModel.swift in Sources */ = {isa = PBXBuildFile; fileRef = AD7CB0CF8EA48B06DA036109 /* NFTModel.swift */; };
		A18929DB00E40A0C705C983A /* ProfileViewPresenter.swift in Sources */ = {isa = PBXBuildFile; fileRef = FC2A462874494544231A0E89 /* ProfileViewPresenter.swift */; };
		AC30C20A583A7C01C69F8EB5 /* ShoppingOrder.swift in Sources */ = {isa = PBXBuildFile; fileRef = 0C85FC311AA77E038102AAC9 /* ShoppingOrder.swift */; };
		B15A0FB5A97872028A7713FE /* UIBlockingProgressHUD.swift in Sources */ = {isa = PBXBuildFile; fileRef = 5537B9F742DA034F2E676D22 /* UIBlockingProgressHUD.swift */; };
		B1C009F74AA70BD534A88D2A /* ReferenceWrapper.swift in Sources */ = {isa = PBXBuildFile; fileRef = 99256F938FB0CB3B795C6A42 /* ReferenceWrapper.swift */; };
		B622139F703E6DF315712D22 /* CollectionPresenter.swift in Sources */ = {isa = PBXBuildFile; fileRef = 9BAEC3F3F76A442B97A95BEF /* CollectionPresenter.swift */; };
		B77D5FF860225FF08A47E863 /* ShoppingBagPaymentPickerInteractor.swift in Sources */ = {isa = PBXBuildFile; fileRef = 5706649048DCEA1155FCE551 /* ShoppingBagPaymentPickerInteractor.swift */; };
		BBD0486918AA8E33E40EB6B6 /* RatingCell.swift in Sources */ = {isa = PBXBuildFile; fileRef = 4CD79E3DD837DAAB2DB538BB /* RatingCell.swift */; };
		C792ACE471FA8CD0CA3EA40C /* ShoppingBagDataSource.swift in Sources */ = {isa = PBXBuildFile; fileRef = 4E97A7C2A61D4DB8AFA9644B /* ShoppingBagDataSource.swift */; };
		C92335BE1F1E0C7C38160CB8 /* OrdersDTO.swift in Sources */ = {isa = PBXBuildFile; fileRef = 930AC2C6B9B7012048CCB733 /* OrdersDTO.swift */; };
		CEBFD20A72A8068B401854FA /* ProfileService.swift in Sources */ = {isa = PBXBuildFile; fileRef = F543C2F2FB4A42DCD101AD1D /* ProfileService.swift */; };
		CECD57BC1632159752EDD9AA /* UserService.swift in Sources */ = {isa = PBXBuildFile; fileRef = 6BDED311941C6BBDE092A39C /* UserService.swift */; };
		DA1BFAF6C75C2B82D50046D0 /* ShoppingBagViewOutput.swift in Sources */ = {isa = PBXBuildFile; fileRef = 0C3D14AAA4C1DE764E495CC0 /* ShoppingBagViewOutput.swift */; };
		DBA5E96FDAB8286204290B4A /* ShoppingBagViewInput.swift in Sources */ = {isa = PBXBuildFile; fileRef = C1551A7EB8EAEE88FD6D92D9 /* ShoppingBagViewInput.swift */; };
		E3117A8461B97CF9EE183912 /* NFTViewModel.swift in Sources */ = {isa = PBXBuildFile; fileRef = 55E2826FC237AAA19F037D61 /* NFTViewModel.swift */; };
		E5A4D13B6A2C907AFF44F276 /* ShoppingBagInteractor.swift in Sources */ = {isa = PBXBuildFile; fileRef = 1498E6AC50D227FD8CFAE824 /* ShoppingBagInteractor.swift */; };
		E6C82C6AEA394A8FDEB1B0C8 /* AlertPresenter.swift in Sources */ = {isa = PBXBuildFile; fileRef = AAC72EB1084B5E79AAC3C913 /* AlertPresenter.swift */; };
		E81E1BB47021F7EC51A28131 /* NFT.swift in Sources */ = {isa = PBXBuildFile; fileRef = 7F74BE45F354B452EF6EBC02 /* NFT.swift */; };
		E84A371362D964F38083DD15 /* OrderService.swift in Sources */ = {isa = PBXBuildFile; fileRef = 5E9C43281B52C9DA4A74EEBB /* OrderService.swift */; };
		E89872B436DC695EF3865F28 /* User.swift in Sources */ = {isa = PBXBuildFile; fileRef = A0251E233C851A5B402E4F4D /* User.swift */; };
		EBC71A6AC9587CA66676A636 /* ShoppingBagPresenter.swift in Sources */ = {isa = PBXBuildFile; fileRef = 6C6CD9C8783F99C8323D49D0 /* ShoppingBagPresenter.swift */; };
		ED66FB8680707B7700C00841 /* ShoppingBagPaymentPickerViewOutput.swift in Sources */ = {isa = PBXBuildFile; fileRef = 668975D73F5F847581EC6DE1 /* ShoppingBagPaymentPickerViewOutput.swift */; };
		F6549B40D4AD313E8FAE64BC /* ShoppingBagViewController.swift in Sources */ = {isa = PBXBuildFile; fileRef = BCF19F083FDA850262124F91 /* ShoppingBagViewController.swift */; };
		FA0AD9F36F161D9C96B93B0E /* NFTCell.swift in Sources */ = {isa = PBXBuildFile; fileRef = 28BD53428AB7F22F00B1A083 /* NFTCell.swift */; };
		FEF4A896B2744D42FB1F80CB /* NFTsCollectionView.swift in Sources */ = {isa = PBXBuildFile; fileRef = 11EE30DB311F8FCA0F20C5C8 /* NFTsCollectionView.swift */; };
/* End PBXBuildFile section */

/* Begin PBXContainerItemProxy section */
		3F6806AA29CBBAF200B4F915 /* PBXContainerItemProxy */ = {
			isa = PBXContainerItemProxy;
			containerPortal = 3F68068B29CBBAF100B4F915 /* Project object */;
			proxyType = 1;
			remoteGlobalIDString = 3F68069229CBBAF100B4F915;
			remoteInfo = FakeNFT;
		};
		3F6806B429CBBAF200B4F915 /* PBXContainerItemProxy */ = {
			isa = PBXContainerItemProxy;
			containerPortal = 3F68068B29CBBAF100B4F915 /* Project object */;
			proxyType = 1;
			remoteGlobalIDString = 3F68069229CBBAF100B4F915;
			remoteInfo = FakeNFT;
		};
/* End PBXContainerItemProxy section */

/* Begin PBXFileReference section */
		080AE50594BA2BC773898512 /* en */ = {isa = PBXFileReference; lastKnownFileType = text.plist.strings; name = en; path = en.lproj/StatisticProfileScreen.strings; sourceTree = "<group>"; };
		0C3D14AAA4C1DE764E495CC0 /* ShoppingBagViewOutput.swift */ = {isa = PBXFileReference; lastKnownFileType = sourcecode.swift; path = ShoppingBagViewOutput.swift; sourceTree = "<group>"; };
		0C85FC311AA77E038102AAC9 /* ShoppingOrder.swift */ = {isa = PBXFileReference; lastKnownFileType = sourcecode.swift; path = ShoppingOrder.swift; sourceTree = "<group>"; };
		11EE30DB311F8FCA0F20C5C8 /* NFTsCollectionView.swift */ = {isa = PBXFileReference; fileEncoding = 4; lastKnownFileType = sourcecode.swift; path = NFTsCollectionView.swift; sourceTree = "<group>"; };
		1498E6AC50D227FD8CFAE824 /* ShoppingBagInteractor.swift */ = {isa = PBXFileReference; lastKnownFileType = sourcecode.swift; path = ShoppingBagInteractor.swift; sourceTree = "<group>"; };
		16F2911D4D4BD23594ABEB9B /* ShoppingBagPaymentPickerViewController.swift */ = {isa = PBXFileReference; lastKnownFileType = sourcecode.swift; path = ShoppingBagPaymentPickerViewController.swift; sourceTree = "<group>"; };
		1A7BE3C169BBE788EEAE720B /* Profile.swift */ = {isa = PBXFileReference; fileEncoding = 4; lastKnownFileType = sourcecode.swift; path = Profile.swift; sourceTree = "<group>"; };
		1F5915AE7C18162155BAD5C4 /* ShoppingBagPaymentPickerPresenter.swift */ = {isa = PBXFileReference; lastKnownFileType = sourcecode.swift; path = ShoppingBagPaymentPickerPresenter.swift; sourceTree = "<group>"; };
		22E9840700CA757CC7B726ED /* CatalogueViewController.swift */ = {isa = PBXFileReference; fileEncoding = 4; lastKnownFileType = sourcecode.swift; path = CatalogueViewController.swift; sourceTree = "<group>"; };
		28BD53428AB7F22F00B1A083 /* NFTCell.swift */ = {isa = PBXFileReference; lastKnownFileType = sourcecode.swift; path = NFTCell.swift; sourceTree = "<group>"; };
		29508ED8966F86422649F842 /* WebViewController.swift */ = {isa = PBXFileReference; lastKnownFileType = sourcecode.swift; path = WebViewController.swift; sourceTree = "<group>"; };
		2DDF36DD9C395C1EB84E1032 /* ShoppingOrderService.swift */ = {isa = PBXFileReference; lastKnownFileType = sourcecode.swift; path = ShoppingOrderService.swift; sourceTree = "<group>"; };
		32DA42D338AECA5136069A8E /* ProfileModel.swift */ = {isa = PBXFileReference; lastKnownFileType = sourcecode.swift; path = ProfileModel.swift; sourceTree = "<group>"; };
		3653A4C973EEB92A6B9EA4F5 /* NFTService.swift */ = {isa = PBXFileReference; fileEncoding = 4; lastKnownFileType = sourcecode.swift; path = NFTService.swift; sourceTree = "<group>"; };
		3F478ECE29DB474E00F6D39E /* Colors.swift */ = {isa = PBXFileReference; lastKnownFileType = sourcecode.swift; path = Colors.swift; sourceTree = "<group>"; };
		3F478ED029DB476500F6D39E /* Fonts.swift */ = {isa = PBXFileReference; lastKnownFileType = sourcecode.swift; path = Fonts.swift; sourceTree = "<group>"; };
		3F68069329CBBAF100B4F915 /* FakeNFT.app */ = {isa = PBXFileReference; explicitFileType = wrapper.application; includeInIndex = 0; path = FakeNFT.app; sourceTree = BUILT_PRODUCTS_DIR; };
		3F68069629CBBAF100B4F915 /* AppDelegate.swift */ = {isa = PBXFileReference; lastKnownFileType = sourcecode.swift; path = AppDelegate.swift; sourceTree = "<group>"; };
		3F68069829CBBAF100B4F915 /* SceneDelegate.swift */ = {isa = PBXFileReference; lastKnownFileType = sourcecode.swift; path = SceneDelegate.swift; sourceTree = "<group>"; };
		3F68069A29CBBAF100B4F915 /* ProductDetailsTableViewController.swift */ = {isa = PBXFileReference; lastKnownFileType = sourcecode.swift; path = ProductDetailsTableViewController.swift; sourceTree = "<group>"; };
		3F68069D29CBBAF100B4F915 /* Base */ = {isa = PBXFileReference; lastKnownFileType = file.storyboard; name = Base; path = Base.lproj/Main.storyboard; sourceTree = "<group>"; };
		3F68069F29CBBAF200B4F915 /* Assets.xcassets */ = {isa = PBXFileReference; lastKnownFileType = folder.assetcatalog; path = Assets.xcassets; sourceTree = "<group>"; };
		3F6806A229CBBAF200B4F915 /* Base */ = {isa = PBXFileReference; lastKnownFileType = file.storyboard; name = Base; path = Base.lproj/LaunchScreen.storyboard; sourceTree = "<group>"; };
		3F6806A429CBBAF200B4F915 /* Info.plist */ = {isa = PBXFileReference; lastKnownFileType = text.plist.xml; path = Info.plist; sourceTree = "<group>"; };
		3F6806A929CBBAF200B4F915 /* FakeNFTTests.xctest */ = {isa = PBXFileReference; explicitFileType = wrapper.cfbundle; includeInIndex = 0; path = FakeNFTTests.xctest; sourceTree = BUILT_PRODUCTS_DIR; };
		3F6806AD29CBBAF200B4F915 /* ExampleUnitTests.swift */ = {isa = PBXFileReference; lastKnownFileType = sourcecode.swift; path = ExampleUnitTests.swift; sourceTree = "<group>"; };
		3F6806B329CBBAF200B4F915 /* FakeNFTUITests.xctest */ = {isa = PBXFileReference; explicitFileType = wrapper.cfbundle; includeInIndex = 0; path = FakeNFTUITests.xctest; sourceTree = BUILT_PRODUCTS_DIR; };
		3F6806B729CBBAF200B4F915 /* FakeNFTUITests.swift */ = {isa = PBXFileReference; lastKnownFileType = sourcecode.swift; path = FakeNFTUITests.swift; sourceTree = "<group>"; };
		3F6806CA29CBBCC700B4F915 /* ExampleNetworkModel.swift */ = {isa = PBXFileReference; lastKnownFileType = sourcecode.swift; path = ExampleNetworkModel.swift; sourceTree = "<group>"; };
		3F6806D029CBBE6B00B4F915 /* NetworkClient.swift */ = {isa = PBXFileReference; lastKnownFileType = sourcecode.swift; path = NetworkClient.swift; sourceTree = "<group>"; };
		3F6806D229CBBE9600B4F915 /* NetworkRequest.swift */ = {isa = PBXFileReference; lastKnownFileType = sourcecode.swift; path = NetworkRequest.swift; sourceTree = "<group>"; };
		3F6806D429CBBEC700B4F915 /* NetworkTask.swift */ = {isa = PBXFileReference; lastKnownFileType = sourcecode.swift; path = NetworkTask.swift; sourceTree = "<group>"; };
		3F6806D629CBC50A00B4F915 /* CellsReusingUtils.swift */ = {isa = PBXFileReference; lastKnownFileType = sourcecode.swift; path = CellsReusingUtils.swift; sourceTree = "<group>"; };
		3FC8C38A29D242E90081F015 /* ProductDetailsTableViewCell.swift */ = {isa = PBXFileReference; lastKnownFileType = sourcecode.swift; path = ProductDetailsTableViewCell.swift; sourceTree = "<group>"; };
		3FC8C39029D2453B0081F015 /* ExampleRequest.swift */ = {isa = PBXFileReference; lastKnownFileType = sourcecode.swift; path = ExampleRequest.swift; sourceTree = "<group>"; };
		3FC8C39229D246BA0081F015 /* DateFormatters+Presets.swift */ = {isa = PBXFileReference; lastKnownFileType = sourcecode.swift; path = "DateFormatters+Presets.swift"; sourceTree = "<group>"; };
		47CBB04A3D2DD772A78B63C4 /* CataloguePresenter.swift */ = {isa = PBXFileReference; fileEncoding = 4; lastKnownFileType = sourcecode.swift; path = CataloguePresenter.swift; sourceTree = "<group>"; };
		4CD79E3DD837DAAB2DB538BB /* RatingCell.swift */ = {isa = PBXFileReference; fileEncoding = 4; lastKnownFileType = sourcecode.swift; path = RatingCell.swift; sourceTree = "<group>"; };
		4D142D972AD53BC40048BE2D /* en */ = {isa = PBXFileReference; lastKnownFileType = text.plist.strings; name = en; path = en.lproj/RatingScreen.strings; sourceTree = "<group>"; };
		4D142D992AD53C040048BE2D /* ru */ = {isa = PBXFileReference; lastKnownFileType = text.plist.strings; name = ru; path = ru.lproj/RatingScreen.strings; sourceTree = "<group>"; };
		4DFE259F2AF2858E00B32F5B /* ru */ = {isa = PBXFileReference; lastKnownFileType = text.plist.strings; name = ru; path = ru.lproj/CollectionScreen.strings; sourceTree = "<group>"; };
		4E97A7C2A61D4DB8AFA9644B /* ShoppingBagDataSource.swift */ = {isa = PBXFileReference; lastKnownFileType = sourcecode.swift; path = ShoppingBagDataSource.swift; sourceTree = "<group>"; };
		4F3060E22772B8804787D1E5 /* OrderCell.swift */ = {isa = PBXFileReference; lastKnownFileType = sourcecode.swift; path = OrderCell.swift; sourceTree = "<group>"; };
		501F1072824F9A6657B35353 /* ShoppingBagPaymentPickerViewInput.swift */ = {isa = PBXFileReference; lastKnownFileType = sourcecode.swift; path = ShoppingBagPaymentPickerViewInput.swift; sourceTree = "<group>"; };
		54B05435BED5F984B504462F /* RatingViewPresenter.swift */ = {isa = PBXFileReference; fileEncoding = 4; lastKnownFileType = sourcecode.swift; path = RatingViewPresenter.swift; sourceTree = "<group>"; };
		54BF79AFD56D86E7D8E67FDF /* CollectionViewController.swift */ = {isa = PBXFileReference; lastKnownFileType = sourcecode.swift; path = CollectionViewController.swift; sourceTree = "<group>"; };
		5537B9F742DA034F2E676D22 /* UIBlockingProgressHUD.swift */ = {isa = PBXFileReference; lastKnownFileType = sourcecode.swift; path = UIBlockingProgressHUD.swift; sourceTree = "<group>"; };
		55E2826FC237AAA19F037D61 /* NFTViewModel.swift */ = {isa = PBXFileReference; fileEncoding = 4; lastKnownFileType = sourcecode.swift; path = NFTViewModel.swift; sourceTree = "<group>"; };
		5706649048DCEA1155FCE551 /* ShoppingBagPaymentPickerInteractor.swift */ = {isa = PBXFileReference; lastKnownFileType = sourcecode.swift; path = ShoppingBagPaymentPickerInteractor.swift; sourceTree = "<group>"; };
		5E9C43281B52C9DA4A74EEBB /* OrderService.swift */ = {isa = PBXFileReference; fileEncoding = 4; lastKnownFileType = sourcecode.swift; path = OrderService.swift; sourceTree = "<group>"; };
		668975D73F5F847581EC6DE1 /* ShoppingBagPaymentPickerViewOutput.swift */ = {isa = PBXFileReference; lastKnownFileType = sourcecode.swift; path = ShoppingBagPaymentPickerViewOutput.swift; sourceTree = "<group>"; };
		6BDED311941C6BBDE092A39C /* UserService.swift */ = {isa = PBXFileReference; fileEncoding = 4; lastKnownFileType = sourcecode.swift; path = UserService.swift; sourceTree = "<group>"; };
		6C6CD9C8783F99C8323D49D0 /* ShoppingBagPresenter.swift */ = {isa = PBXFileReference; lastKnownFileType = sourcecode.swift; path = ShoppingBagPresenter.swift; sourceTree = "<group>"; };
		6FED7B593A2238499A781BE2 /* LikesDTO.swift */ = {isa = PBXFileReference; lastKnownFileType = sourcecode.swift; path = LikesDTO.swift; sourceTree = "<group>"; };
		7914F0BE591D6CF54F6C6B8C /* ProfileViewController.swift */ = {isa = PBXFileReference; fileEncoding = 4; lastKnownFileType = sourcecode.swift; path = ProfileViewController.swift; sourceTree = "<group>"; };
		7B421ED344A4F6CDF69BBF43 /* ResizableCollectionView.swift */ = {isa = PBXFileReference; lastKnownFileType = sourcecode.swift; path = ResizableCollectionView.swift; sourceTree = "<group>"; };
		7EA0DF82E0DBB35EA4353582 /* NFTCollectionModel.swift */ = {isa = PBXFileReference; lastKnownFileType = sourcecode.swift; path = NFTCollectionModel.swift; sourceTree = "<group>"; };
		7F3FE50F810965B84D585CB9 /* CatalogueCell.swift */ = {isa = PBXFileReference; fileEncoding = 4; lastKnownFileType = sourcecode.swift; path = CatalogueCell.swift; sourceTree = "<group>"; };
		7F73B864E44D3C472CF43372 /* NFTCollectionCell.swift */ = {isa = PBXFileReference; fileEncoding = 4; lastKnownFileType = sourcecode.swift; path = NFTCollectionCell.swift; sourceTree = "<group>"; };
		7F74BE45F354B452EF6EBC02 /* NFT.swift */ = {isa = PBXFileReference; lastKnownFileType = sourcecode.swift; path = NFT.swift; sourceTree = "<group>"; };
		82CF74525008D7DC093401ED /* ShoppingBagPaymentPickerRouter.swift */ = {isa = PBXFileReference; lastKnownFileType = sourcecode.swift; path = ShoppingBagPaymentPickerRouter.swift; sourceTree = "<group>"; };
		852F8B7D888AF58A693A3F1B /* ShoppingOrder.swift */ = {isa = PBXFileReference; lastKnownFileType = sourcecode.swift; path = ShoppingOrder.swift; sourceTree = "<group>"; };
		855BDE95AABEE8B674F05382 /* ru */ = {isa = PBXFileReference; lastKnownFileType = text.plist.strings; name = ru; path = ru.lproj/StatisticProfileScreen.strings; sourceTree = "<group>"; };
		90BB34F92ADCB3710087D331 /* Currency.swift */ = {isa = PBXFileReference; lastKnownFileType = sourcecode.swift; path = Currency.swift; sourceTree = "<group>"; };
		90BB34FB2ADCB3A90087D331 /* CurrencyCell.swift */ = {isa = PBXFileReference; lastKnownFileType = sourcecode.swift; path = CurrencyCell.swift; sourceTree = "<group>"; };
		90BB34FD2ADCB3B10087D331 /* CurrencyCellModel.swift */ = {isa = PBXFileReference; lastKnownFileType = sourcecode.swift; path = CurrencyCellModel.swift; sourceTree = "<group>"; };
		90BB35002ADCBA4F0087D331 /* ShoppingBagPaymentPickerDataSource.swift */ = {isa = PBXFileReference; lastKnownFileType = sourcecode.swift; path = ShoppingBagPaymentPickerDataSource.swift; sourceTree = "<group>"; };
		90BB35032ADCBAB90087D331 /* ShoppingBagPaymentPickerModule.swift */ = {isa = PBXFileReference; lastKnownFileType = sourcecode.swift; path = ShoppingBagPaymentPickerModule.swift; sourceTree = "<group>"; };
		90BB35052ADCC88C0087D331 /* ShoppingBagPaymentPickerLoader.swift */ = {isa = PBXFileReference; lastKnownFileType = sourcecode.swift; path = ShoppingBagPaymentPickerLoader.swift; sourceTree = "<group>"; };
		90BB35072ADCCBE10087D331 /* ShoppingBagPaymentPickerStateStorage.swift */ = {isa = PBXFileReference; lastKnownFileType = sourcecode.swift; path = ShoppingBagPaymentPickerStateStorage.swift; sourceTree = "<group>"; };
		90BB35092ADCD1330087D331 /* PaymentInfo.swift */ = {isa = PBXFileReference; lastKnownFileType = sourcecode.swift; path = PaymentInfo.swift; sourceTree = "<group>"; };
		90BB350E2ADCE9230087D331 /* ShoppingBagPaymentResultsViewController.swift */ = {isa = PBXFileReference; lastKnownFileType = sourcecode.swift; path = ShoppingBagPaymentResultsViewController.swift; sourceTree = "<group>"; };
		90BB35102ADCE94E0087D331 /* ShoppingBagPaymentResultsAssembly.swift */ = {isa = PBXFileReference; lastKnownFileType = sourcecode.swift; path = ShoppingBagPaymentResultsAssembly.swift; sourceTree = "<group>"; };
		90BB35122ADCE9580087D331 /* ShoppingBagPaymentResultsPresenter.swift */ = {isa = PBXFileReference; lastKnownFileType = sourcecode.swift; path = ShoppingBagPaymentResultsPresenter.swift; sourceTree = "<group>"; };
		930AC2C6B9B7012048CCB733 /* OrdersDTO.swift */ = {isa = PBXFileReference; lastKnownFileType = sourcecode.swift; path = OrdersDTO.swift; sourceTree = "<group>"; };
		93473F75D0085F81E0A836CA /* UserModel.swift */ = {isa = PBXFileReference; lastKnownFileType = sourcecode.swift; path = UserModel.swift; sourceTree = "<group>"; };
		99256F938FB0CB3B795C6A42 /* ReferenceWrapper.swift */ = {isa = PBXFileReference; lastKnownFileType = sourcecode.swift; path = ReferenceWrapper.swift; sourceTree = "<group>"; };
		9BAEC3F3F76A442B97A95BEF /* CollectionPresenter.swift */ = {isa = PBXFileReference; lastKnownFileType = sourcecode.swift; path = CollectionPresenter.swift; sourceTree = "<group>"; };
		A0251E233C851A5B402E4F4D /* User.swift */ = {isa = PBXFileReference; fileEncoding = 4; lastKnownFileType = sourcecode.swift; path = User.swift; sourceTree = "<group>"; };
		AAC72EB1084B5E79AAC3C913 /* AlertPresenter.swift */ = {isa = PBXFileReference; fileEncoding = 4; lastKnownFileType = sourcecode.swift; path = AlertPresenter.swift; sourceTree = "<group>"; };
		ABCDAA78463214FAE248059B /* ShoppingBagModule.swift */ = {isa = PBXFileReference; lastKnownFileType = sourcecode.swift; path = ShoppingBagModule.swift; sourceTree = "<group>"; };
		AD7CB0CF8EA48B06DA036109 /* NFTModel.swift */ = {isa = PBXFileReference; lastKnownFileType = sourcecode.swift; path = NFTModel.swift; sourceTree = "<group>"; };
		B1D0B569DF9D905421C5B7AC /* ShoppingBagAssembly.swift */ = {isa = PBXFileReference; lastKnownFileType = sourcecode.swift; path = ShoppingBagAssembly.swift; sourceTree = "<group>"; };
		B317BD3B105F781B960ABC98 /* NFTPreviewView.swift */ = {isa = PBXFileReference; lastKnownFileType = sourcecode.swift; path = NFTPreviewView.swift; sourceTree = "<group>"; };
		BCF19F083FDA850262124F91 /* ShoppingBagViewController.swift */ = {isa = PBXFileReference; lastKnownFileType = sourcecode.swift; path = ShoppingBagViewController.swift; sourceTree = "<group>"; };
		C0D7FB8F14C7B3AEF4666A2A /* CatalogueString+Extensions.swift */ = {isa = PBXFileReference; lastKnownFileType = sourcecode.swift; path = "CatalogueString+Extensions.swift"; sourceTree = "<group>"; };
		C1551A7EB8EAEE88FD6D92D9 /* ShoppingBagViewInput.swift */ = {isa = PBXFileReference; lastKnownFileType = sourcecode.swift; path = ShoppingBagViewInput.swift; sourceTree = "<group>"; };
		C417E826D980755408A69318 /* ShoppingBagRouter.swift */ = {isa = PBXFileReference; lastKnownFileType = sourcecode.swift; path = ShoppingBagRouter.swift; sourceTree = "<group>"; };
		CC845B41E05BBFB5D161D844 /* CartModel.swift */ = {isa = PBXFileReference; lastKnownFileType = sourcecode.swift; path = CartModel.swift; sourceTree = "<group>"; };
		CE5E7D9EA54BA897D97EAD38 /* ShoppingBagStateStorage.swift */ = {isa = PBXFileReference; lastKnownFileType = sourcecode.swift; path = ShoppingBagStateStorage.swift; sourceTree = "<group>"; };
		D74BA3B3ECE13D659D48A876 /* CatalogueService.swift */ = {isa = PBXFileReference; lastKnownFileType = sourcecode.swift; path = CatalogueService.swift; sourceTree = "<group>"; };
		D7CB52CE22090F01296FC0AA /* RatingViewController.swift */ = {isa = PBXFileReference; fileEncoding = 4; lastKnownFileType = sourcecode.swift; path = RatingViewController.swift; sourceTree = "<group>"; };
		DCEB86D1D659C14D80940E93 /* ShoppingBagLoader.swift */ = {isa = PBXFileReference; lastKnownFileType = sourcecode.swift; path = ShoppingBagLoader.swift; sourceTree = "<group>"; };
		DE09FC550B64AFD2BA216F9A /* en */ = {isa = PBXFileReference; lastKnownFileType = text.plist.strings; name = en; path = en.lproj/CollectionScreen.strings; sourceTree = "<group>"; };
		E712B21A5A221C2FB002CE82 /* Constants.swift */ = {isa = PBXFileReference; fileEncoding = 4; lastKnownFileType = sourcecode.swift; path = Constants.swift; sourceTree = "<group>"; };
		F1FE6E328BF2B98D40D71291 /* OrderCellModel.swift */ = {isa = PBXFileReference; lastKnownFileType = sourcecode.swift; path = OrderCellModel.swift; sourceTree = "<group>"; };
		F543C2F2FB4A42DCD101AD1D /* ProfileService.swift */ = {isa = PBXFileReference; fileEncoding = 4; lastKnownFileType = sourcecode.swift; path = ProfileService.swift; sourceTree = "<group>"; };
		F68C069F8FBD81EAF84BB4A8 /* NFTCollectionPresenter.swift */ = {isa = PBXFileReference; fileEncoding = 4; lastKnownFileType = sourcecode.swift; path = NFTCollectionPresenter.swift; sourceTree = "<group>"; };
		F71A0D2B8904D1CD354BDBA5 /* ShoppingBagPaymentPickerAssembly.swift */ = {isa = PBXFileReference; lastKnownFileType = sourcecode.swift; path = ShoppingBagPaymentPickerAssembly.swift; sourceTree = "<group>"; };
		FC2A462874494544231A0E89 /* ProfileViewPresenter.swift */ = {isa = PBXFileReference; fileEncoding = 4; lastKnownFileType = sourcecode.swift; path = ProfileViewPresenter.swift; sourceTree = "<group>"; };
/* End PBXFileReference section */

/* Begin PBXFrameworksBuildPhase section */
		3F68069029CBBAF100B4F915 /* Frameworks */ = {
			isa = PBXFrameworksBuildPhase;
			buildActionMask = 2147483647;
			files = (
				3F603CD029DB4A74000C43D7 /* Kingfisher in Frameworks */,
				3F603CCD29DB4A53000C43D7 /* ProgressHUD in Frameworks */,
			);
			runOnlyForDeploymentPostprocessing = 0;
		};
		3F6806A629CBBAF200B4F915 /* Frameworks */ = {
			isa = PBXFrameworksBuildPhase;
			buildActionMask = 2147483647;
			files = (
			);
			runOnlyForDeploymentPostprocessing = 0;
		};
		3F6806B029CBBAF200B4F915 /* Frameworks */ = {
			isa = PBXFrameworksBuildPhase;
			buildActionMask = 2147483647;
			files = (
			);
			runOnlyForDeploymentPostprocessing = 0;
		};
/* End PBXFrameworksBuildPhase section */

/* Begin PBXGroup section */
		0754842C81D1361B06A905E9 /* Module */ = {
			isa = PBXGroup;
			children = (
				ABCDAA78463214FAE248059B /* ShoppingBagModule.swift */,
			);
			path = Module;
			sourceTree = "<group>";
		};
		0755D5F49A24670F95ED7760 /* Statistic */ = {
			isa = PBXGroup;
			children = (
				6BDED311941C6BBDE092A39C /* UserService.swift */,
				5E9C43281B52C9DA4A74EEBB /* OrderService.swift */,
				3653A4C973EEB92A6B9EA4F5 /* NFTService.swift */,
				F543C2F2FB4A42DCD101AD1D /* ProfileService.swift */,
			);
			path = Statistic;
			sourceTree = "<group>";
		};
		09E701FFF37E66D545734BD1 /* Presenter */ = {
			isa = PBXGroup;
			children = (
				6C6CD9C8783F99C8323D49D0 /* ShoppingBagPresenter.swift */,
				CE5E7D9EA54BA897D97EAD38 /* ShoppingBagStateStorage.swift */,
			);
			path = Presenter;
			sourceTree = "<group>";
		};
		124EC695A794C8ECEB73EC2B /* Loaders */ = {
			isa = PBXGroup;
			children = (
				DCEB86D1D659C14D80940E93 /* ShoppingBagLoader.swift */,
				90BB35052ADCC88C0087D331 /* ShoppingBagPaymentPickerLoader.swift */,
			);
			path = Loaders;
			sourceTree = "<group>";
		};
		15C6164AE327F92ED529A175 /* Catalogue */ = {
			isa = PBXGroup;
			children = (
				22E9840700CA757CC7B726ED /* CatalogueViewController.swift */,
				47CBB04A3D2DD772A78B63C4 /* CataloguePresenter.swift */,
			);
			path = Catalogue;
			sourceTree = "<group>";
		};
		272B1829C899659589BF9891 /* ShoppingBagScene */ = {
			isa = PBXGroup;
			children = (
				51F81067BBA7CC736CF583B8 /* ShoppingBag */,
				5271A88AC76A9D376F21244C /* ShoppingBagPaymentResults */,
				9BEACF0B656023FD83E7BCDC /* ShoppingBagPaymentPicker */,
			);
			path = ShoppingBagScene;
			sourceTree = "<group>";
		};
		280B71B8BA0F0958561FB953 /* Models */ = {
			isa = PBXGroup;
			children = (
				AD7CB0CF8EA48B06DA036109 /* NFTModel.swift */,
				7EA0DF82E0DBB35EA4353582 /* NFTCollectionModel.swift */,
				93473F75D0085F81E0A836CA /* UserModel.swift */,
				32DA42D338AECA5136069A8E /* ProfileModel.swift */,
				CC845B41E05BBFB5D161D844 /* CartModel.swift */,
				6FED7B593A2238499A781BE2 /* LikesDTO.swift */,
				930AC2C6B9B7012048CCB733 /* OrdersDTO.swift */,
			);
			path = Models;
			sourceTree = "<group>";
		};
		3C4C7D66F3A0B8D02E56F306 /* Assembly */ = {
			isa = PBXGroup;
			children = (
				B1D0B569DF9D905421C5B7AC /* ShoppingBagAssembly.swift */,
			);
			path = Assembly;
			sourceTree = "<group>";
		};
		3F478ECD29DB473000F6D39E /* DesignSystem */ = {
			isa = PBXGroup;
			children = (
				3F478ECE29DB474E00F6D39E /* Colors.swift */,
				3F478ED029DB476500F6D39E /* Fonts.swift */,
			);
			path = DesignSystem;
			sourceTree = "<group>";
		};
		3F68068A29CBBAF100B4F915 = {
			isa = PBXGroup;
			children = (
				3F68069529CBBAF100B4F915 /* FakeNFT */,
				3F6806AC29CBBAF200B4F915 /* FakeNFTTests */,
				3F6806B629CBBAF200B4F915 /* FakeNFTUITests */,
				3F68069429CBBAF100B4F915 /* Products */,
			);
			sourceTree = "<group>";
		};
		3F68069429CBBAF100B4F915 /* Products */ = {
			isa = PBXGroup;
			children = (
				3F68069329CBBAF100B4F915 /* FakeNFT.app */,
				3F6806A929CBBAF200B4F915 /* FakeNFTTests.xctest */,
				3F6806B329CBBAF200B4F915 /* FakeNFTUITests.xctest */,
			);
			name = Products;
			sourceTree = "<group>";
		};
		3F68069529CBBAF100B4F915 /* FakeNFT */ = {
			isa = PBXGroup;
			children = (
				4D142D822AD3127E0048BE2D /* Resources */,
				3F68069629CBBAF100B4F915 /* AppDelegate.swift */,
				3F68069829CBBAF100B4F915 /* SceneDelegate.swift */,
				3F478ECD29DB473000F6D39E /* DesignSystem */,
				3F6806CE29CBBD1B00B4F915 /* Foundation */,
				3F6806C929CBBCAF00B4F915 /* Models */,
				3F6806C729CBBC5B00B4F915 /* Scenes  */,
				3F6806C629CBBC4E00B4F915 /* Services */,
				3F68069C29CBBAF100B4F915 /* Main.storyboard */,
				3F68069F29CBBAF200B4F915 /* Assets.xcassets */,
				3F6806A129CBBAF200B4F915 /* LaunchScreen.storyboard */,
				3F6806A429CBBAF200B4F915 /* Info.plist */,
			);
			path = FakeNFT;
			sourceTree = "<group>";
		};
		3F6806AC29CBBAF200B4F915 /* FakeNFTTests */ = {
			isa = PBXGroup;
			children = (
				3F6806AD29CBBAF200B4F915 /* ExampleUnitTests.swift */,
			);
			path = FakeNFTTests;
			sourceTree = "<group>";
		};
		3F6806B629CBBAF200B4F915 /* FakeNFTUITests */ = {
			isa = PBXGroup;
			children = (
				3F6806B729CBBAF200B4F915 /* FakeNFTUITests.swift */,
			);
			path = FakeNFTUITests;
			sourceTree = "<group>";
		};
		3F6806C629CBBC4E00B4F915 /* Services */ = {
			isa = PBXGroup;
			children = (
				3FC8C38F29D245250081F015 /* Requests */,
				861F02C0959794CF5917F016 /* Helpers */,
				124EC695A794C8ECEB73EC2B /* Loaders */,
				0755D5F49A24670F95ED7760 /* Statistic */,
			);
			path = Services;
			sourceTree = "<group>";
		};
		3F6806C729CBBC5B00B4F915 /* Scenes  */ = {
			isa = PBXGroup;
			children = (
				3F6806C829CBBC8100B4F915 /* ProductDetails */,
				272B1829C899659589BF9891 /* ShoppingBagScene */,
				E1CDA116CF103212B144D853 /* Common */,
				418956182EB5B3BE6891B3A3 /* Catalogue */,
				C5D77840F6F620E637395BB5 /* Statistic */,
			);
			path = "Scenes ";
			sourceTree = "<group>";
		};
		3F6806C829CBBC8100B4F915 /* ProductDetails */ = {
			isa = PBXGroup;
			children = (
				3F68069A29CBBAF100B4F915 /* ProductDetailsTableViewController.swift */,
				3FC8C38A29D242E90081F015 /* ProductDetailsTableViewCell.swift */,
			);
			path = ProductDetails;
			sourceTree = "<group>";
		};
		3F6806C929CBBCAF00B4F915 /* Models */ = {
			isa = PBXGroup;
			children = (
				900C9EA52AD7B0BB005E4BE9 /* Common */,
				D9F34D1F625167B40CB2747D /* ShoppingBag */,
				3F6806D829CC979D00B4F915 /* Network */,
				F9716CDB3362687AFD161EB1 /* Statistic */,
			);
			path = Models;
			sourceTree = "<group>";
		};
		3F6806CE29CBBD1B00B4F915 /* Foundation */ = {
			isa = PBXGroup;
			children = (
				3F6806CF29CBBDB100B4F915 /* NetworkClient */,
				3F6806D629CBC50A00B4F915 /* CellsReusingUtils.swift */,
				3FC8C39229D246BA0081F015 /* DateFormatters+Presets.swift */,
			);
			path = Foundation;
			sourceTree = "<group>";
		};
		3F6806CF29CBBDB100B4F915 /* NetworkClient */ = {
			isa = PBXGroup;
			children = (
				3F6806D029CBBE6B00B4F915 /* NetworkClient.swift */,
				3F6806D229CBBE9600B4F915 /* NetworkRequest.swift */,
				3F6806D429CBBEC700B4F915 /* NetworkTask.swift */,
			);
			path = NetworkClient;
			sourceTree = "<group>";
		};
		3F6806D829CC979D00B4F915 /* Network */ = {
			isa = PBXGroup;
			children = (
				3F6806CA29CBBCC700B4F915 /* ExampleNetworkModel.swift */,
			);
			path = Network;
			sourceTree = "<group>";
		};
		3FC8C38F29D245250081F015 /* Requests */ = {
			isa = PBXGroup;
			children = (
				3FC8C39029D2453B0081F015 /* ExampleRequest.swift */,
			);
			path = Requests;
			sourceTree = "<group>";
		};
		418956182EB5B3BE6891B3A3 /* Catalogue */ = {
			isa = PBXGroup;
			children = (
				15C6164AE327F92ED529A175 /* Catalogue */,
				584B5A551BF1BCB87AF57E53 /* Collection */,
				D71A28A3CB41E06219070F71 /* Cells */,
				280B71B8BA0F0958561FB953 /* Models */,
				7AB9DBEC8872055BF1E7211E /* Service */,
				C0D7FB8F14C7B3AEF4666A2A /* CatalogueString+Extensions.swift */,
				7B421ED344A4F6CDF69BBF43 /* ResizableCollectionView.swift */,
			);
			path = Catalogue;
			sourceTree = "<group>";
		};
		4D142D822AD3127E0048BE2D /* Resources */ = {
			isa = PBXGroup;
			children = (
				4D142D842AD313710048BE2D /* ru */,
				4D142D832AD313670048BE2D /* en */,
			);
			path = Resources;
			sourceTree = "<group>";
		};
		4D142D832AD313670048BE2D /* en */ = {
			isa = PBXGroup;
			children = (
				4D142D982AD53BC40048BE2D /* RatingScreen.strings */,
				E5F1F0CA12E6C615B821874E /* CollectionScreen.strings */,
				644342BFAB727E2BD04E79BC /* StatisticProfileScreen.strings */,
			);
			path = en;
			sourceTree = "<group>";
		};
		4D142D842AD313710048BE2D /* ru */ = {
			isa = PBXGroup;
			children = (
				4D142D952AD53BC00048BE2D /* RatingScreen.strings */,
				ADB8E7E6706AACE57CAF53B4 /* StatisticProfileScreen.strings */,
				4DFE25A02AF2858E00B32F5B /* CollectionScreen.strings */,
			);
			path = ru;
			sourceTree = "<group>";
		};
		51F81067BBA7CC736CF583B8 /* ShoppingBag */ = {
			isa = PBXGroup;
			children = (
				3C4C7D66F3A0B8D02E56F306 /* Assembly */,
				7CE2DE8CACB3B4EE02809997 /* View */,
				09E701FFF37E66D545734BD1 /* Presenter */,
				7276B07CF431B3EE48F01A36 /* Interactor */,
				E94B611F0504AC25FCEC42CD /* DataSource */,
				0754842C81D1361B06A905E9 /* Module */,
				5DDED29F96785624655B194D /* Router */,
			);
			path = ShoppingBag;
			sourceTree = "<group>";
		};
		5271A88AC76A9D376F21244C /* ShoppingBagPaymentResults */ = {
			isa = PBXGroup;
			children = (
				90BB350C2ADCE4730087D331 /* Assembly */,
				90BB350B2ADCE46B0087D331 /* View */,
				90BB350D2ADCE47C0087D331 /* Presenter */,
			);
			path = ShoppingBagPaymentResults;
			sourceTree = "<group>";
		};
		584B5A551BF1BCB87AF57E53 /* Collection */ = {
			isa = PBXGroup;
			children = (
				54BF79AFD56D86E7D8E67FDF /* CollectionViewController.swift */,
				9BAEC3F3F76A442B97A95BEF /* CollectionPresenter.swift */,
			);
			path = Collection;
			sourceTree = "<group>";
		};
		5A4A627061959E1F9D932BD5 /* Router */ = {
			isa = PBXGroup;
			children = (
				82CF74525008D7DC093401ED /* ShoppingBagPaymentPickerRouter.swift */,
			);
			path = Router;
			sourceTree = "<group>";
		};
		5DDED29F96785624655B194D /* Router */ = {
			isa = PBXGroup;
			children = (
				C417E826D980755408A69318 /* ShoppingBagRouter.swift */,
			);
			path = Router;
			sourceTree = "<group>";
		};
		62BEF7B92AAF30F27471446C /* Interactor */ = {
			isa = PBXGroup;
			children = (
				5706649048DCEA1155FCE551 /* ShoppingBagPaymentPickerInteractor.swift */,
			);
			path = Interactor;
			sourceTree = "<group>";
		};
		69040E2F9DE1AC06CBC03966 /* WebView */ = {
			isa = PBXGroup;
			children = (
				29508ED8966F86422649F842 /* WebViewController.swift */,
			);
			path = WebView;
			sourceTree = "<group>";
		};
		7276B07CF431B3EE48F01A36 /* Interactor */ = {
			isa = PBXGroup;
			children = (
				1498E6AC50D227FD8CFAE824 /* ShoppingBagInteractor.swift */,
			);
			path = Interactor;
			sourceTree = "<group>";
		};
		7AB9DBEC8872055BF1E7211E /* Service */ = {
			isa = PBXGroup;
			children = (
				D74BA3B3ECE13D659D48A876 /* CatalogueService.swift */,
			);
			path = Service;
			sourceTree = "<group>";
		};
		7B2EF8100D2314CA215850B3 /* CellModels */ = {
			isa = PBXGroup;
			children = (
				F1FE6E328BF2B98D40D71291 /* OrderCellModel.swift */,
			);
			path = CellModels;
			sourceTree = "<group>";
		};
		7CE2DE8CACB3B4EE02809997 /* View */ = {
			isa = PBXGroup;
			children = (
				C1551A7EB8EAEE88FD6D92D9 /* ShoppingBagViewInput.swift */,
				0C3D14AAA4C1DE764E495CC0 /* ShoppingBagViewOutput.swift */,
				BCF19F083FDA850262124F91 /* ShoppingBagViewController.swift */,
				7B2EF8100D2314CA215850B3 /* CellModels */,
				F49A585F6130E659EF2B363E /* Cells */,
				B317BD3B105F781B960ABC98 /* NFTPreviewView.swift */,
			);
			path = View;
			sourceTree = "<group>";
		};
		84B721FFE0CAAEC9694AB545 /* View */ = {
			isa = PBXGroup;
			children = (
				501F1072824F9A6657B35353 /* ShoppingBagPaymentPickerViewInput.swift */,
				668975D73F5F847581EC6DE1 /* ShoppingBagPaymentPickerViewOutput.swift */,
				16F2911D4D4BD23594ABEB9B /* ShoppingBagPaymentPickerViewController.swift */,
				90BB34F72ADCB3210087D331 /*  Cells */,
				90BB34F82ADCB3320087D331 /* CellModels */,
			);
			path = View;
			sourceTree = "<group>";
		};
		8601CDE957FE9C2AED50AB52 /* Presenter */ = {
			isa = PBXGroup;
			children = (
				1F5915AE7C18162155BAD5C4 /* ShoppingBagPaymentPickerPresenter.swift */,
				90BB35072ADCCBE10087D331 /* ShoppingBagPaymentPickerStateStorage.swift */,
			);
			path = Presenter;
			sourceTree = "<group>";
		};
		861F02C0959794CF5917F016 /* Helpers */ = {
			isa = PBXGroup;
			children = (
				5537B9F742DA034F2E676D22 /* UIBlockingProgressHUD.swift */,
				99256F938FB0CB3B795C6A42 /* ReferenceWrapper.swift */,
				AAC72EB1084B5E79AAC3C913 /* AlertPresenter.swift */,
				2DDF36DD9C395C1EB84E1032 /* ShoppingOrderService.swift */,
			);
			path = Helpers;
			sourceTree = "<group>";
		};
		8E24C5C0E8F1BBDC32A2A04A /* CollectionScreen */ = {
			isa = PBXGroup;
			children = (
				11EE30DB311F8FCA0F20C5C8 /* NFTsCollectionView.swift */,
				7F73B864E44D3C472CF43372 /* NFTCollectionCell.swift */,
				F68C069F8FBD81EAF84BB4A8 /* NFTCollectionPresenter.swift */,
			);
			path = CollectionScreen;
			sourceTree = "<group>";
		};
		900C9EA52AD7B0BB005E4BE9 /* Common */ = {
			isa = PBXGroup;
			children = (
				7F74BE45F354B452EF6EBC02 /* NFT.swift */,
				90BB34F92ADCB3710087D331 /* Currency.swift */,
				90BB35092ADCD1330087D331 /* PaymentInfo.swift */,
				852F8B7D888AF58A693A3F1B /* ShoppingOrder.swift */,
			);
			path = Common;
			sourceTree = "<group>";
		};
		90BB34F72ADCB3210087D331 /*  Cells */ = {
			isa = PBXGroup;
			children = (
				90BB34FB2ADCB3A90087D331 /* CurrencyCell.swift */,
			);
			path = " Cells";
			sourceTree = "<group>";
		};
		90BB34F82ADCB3320087D331 /* CellModels */ = {
			isa = PBXGroup;
			children = (
				90BB34FD2ADCB3B10087D331 /* CurrencyCellModel.swift */,
			);
			path = CellModels;
			sourceTree = "<group>";
		};
		90BB34FF2ADCBA2F0087D331 /* DataSource */ = {
			isa = PBXGroup;
			children = (
				90BB35002ADCBA4F0087D331 /* ShoppingBagPaymentPickerDataSource.swift */,
			);
			path = DataSource;
			sourceTree = "<group>";
		};
		90BB35022ADCBA990087D331 /* Module */ = {
			isa = PBXGroup;
			children = (
				90BB35032ADCBAB90087D331 /* ShoppingBagPaymentPickerModule.swift */,
			);
			path = Module;
			sourceTree = "<group>";
		};
		90BB350B2ADCE46B0087D331 /* View */ = {
			isa = PBXGroup;
			children = (
				90BB350E2ADCE9230087D331 /* ShoppingBagPaymentResultsViewController.swift */,
			);
			path = View;
			sourceTree = "<group>";
		};
		90BB350C2ADCE4730087D331 /* Assembly */ = {
			isa = PBXGroup;
			children = (
				90BB35102ADCE94E0087D331 /* ShoppingBagPaymentResultsAssembly.swift */,
			);
			path = Assembly;
			sourceTree = "<group>";
		};
		90BB350D2ADCE47C0087D331 /* Presenter */ = {
			isa = PBXGroup;
			children = (
				90BB35122ADCE9580087D331 /* ShoppingBagPaymentResultsPresenter.swift */,
			);
			path = Presenter;
			sourceTree = "<group>";
		};
		9BEACF0B656023FD83E7BCDC /* ShoppingBagPaymentPicker */ = {
			isa = PBXGroup;
			children = (
				84B721FFE0CAAEC9694AB545 /* View */,
				F6D8ADCB9F256FEF80F05054 /* Assembly */,
				8601CDE957FE9C2AED50AB52 /* Presenter */,
				62BEF7B92AAF30F27471446C /* Interactor */,
				5A4A627061959E1F9D932BD5 /* Router */,
				90BB35022ADCBA990087D331 /* Module */,
				90BB34FF2ADCBA2F0087D331 /* DataSource */,
			);
			path = ShoppingBagPaymentPicker;
			sourceTree = "<group>";
		};
		A0BAA3932D331C7030920B37 /* RatingScreen */ = {
			isa = PBXGroup;
			children = (
				4CD79E3DD837DAAB2DB538BB /* RatingCell.swift */,
				54B05435BED5F984B504462F /* RatingViewPresenter.swift */,
				D7CB52CE22090F01296FC0AA /* RatingViewController.swift */,
			);
			path = RatingScreen;
			sourceTree = "<group>";
		};
		C5D77840F6F620E637395BB5 /* Statistic */ = {
			isa = PBXGroup;
			children = (
				C9DD4E6D2294D6F892120946 /* ProfileScreen */,
				A0BAA3932D331C7030920B37 /* RatingScreen */,
				8E24C5C0E8F1BBDC32A2A04A /* CollectionScreen */,
				E712B21A5A221C2FB002CE82 /* Constants.swift */,
			);
			path = Statistic;
			sourceTree = "<group>";
		};
		C9DD4E6D2294D6F892120946 /* ProfileScreen */ = {
			isa = PBXGroup;
			children = (
				7914F0BE591D6CF54F6C6B8C /* ProfileViewController.swift */,
				FC2A462874494544231A0E89 /* ProfileViewPresenter.swift */,
			);
			path = ProfileScreen;
			sourceTree = "<group>";
		};
		D71A28A3CB41E06219070F71 /* Cells */ = {
			isa = PBXGroup;
			children = (
				28BD53428AB7F22F00B1A083 /* NFTCell.swift */,
				7F3FE50F810965B84D585CB9 /* CatalogueCell.swift */,
			);
			path = Cells;
			sourceTree = "<group>";
		};
		D9F34D1F625167B40CB2747D /* ShoppingBag */ = {
			isa = PBXGroup;
			children = (
				0C85FC311AA77E038102AAC9 /* ShoppingOrder.swift */,
			);
			path = ShoppingBag;
			sourceTree = "<group>";
		};
		E1CDA116CF103212B144D853 /* Common */ = {
			isa = PBXGroup;
			children = (
				69040E2F9DE1AC06CBC03966 /* WebView */,
			);
			path = Common;
			sourceTree = "<group>";
		};
		E94B611F0504AC25FCEC42CD /* DataSource */ = {
			isa = PBXGroup;
			children = (
				4E97A7C2A61D4DB8AFA9644B /* ShoppingBagDataSource.swift */,
			);
			path = DataSource;
			sourceTree = "<group>";
		};
		F49A585F6130E659EF2B363E /* Cells */ = {
			isa = PBXGroup;
			children = (
				4F3060E22772B8804787D1E5 /* OrderCell.swift */,
			);
			path = Cells;
			sourceTree = "<group>";
		};
		F6D8ADCB9F256FEF80F05054 /* Assembly */ = {
			isa = PBXGroup;
			children = (
				F71A0D2B8904D1CD354BDBA5 /* ShoppingBagPaymentPickerAssembly.swift */,
			);
			path = Assembly;
			sourceTree = "<group>";
		};
		F9716CDB3362687AFD161EB1 /* Statistic */ = {
			isa = PBXGroup;
			children = (
				1A7BE3C169BBE788EEAE720B /* Profile.swift */,
				A0251E233C851A5B402E4F4D /* User.swift */,
				55E2826FC237AAA19F037D61 /* NFTViewModel.swift */,
			);
			path = Statistic;
			sourceTree = "<group>";
		};
/* End PBXGroup section */

/* Begin PBXNativeTarget section */
		3F68069229CBBAF100B4F915 /* FakeNFT */ = {
			isa = PBXNativeTarget;
			buildConfigurationList = 3F6806BD29CBBAF200B4F915 /* Build configuration list for PBXNativeTarget "FakeNFT" */;
			buildPhases = (
				3F68068F29CBBAF100B4F915 /* Sources */,
				3F68069029CBBAF100B4F915 /* Frameworks */,
				3F68069129CBBAF100B4F915 /* Resources */,
			);
			buildRules = (
			);
			dependencies = (
			);
			name = FakeNFT;
			packageProductDependencies = (
				3F603CCC29DB4A53000C43D7 /* ProgressHUD */,
				3F603CCF29DB4A74000C43D7 /* Kingfisher */,
			);
			productName = FakeNFT;
			productReference = 3F68069329CBBAF100B4F915 /* FakeNFT.app */;
			productType = "com.apple.product-type.application";
		};
		3F6806A829CBBAF200B4F915 /* FakeNFTTests */ = {
			isa = PBXNativeTarget;
			buildConfigurationList = 3F6806C029CBBAF200B4F915 /* Build configuration list for PBXNativeTarget "FakeNFTTests" */;
			buildPhases = (
				3F6806A529CBBAF200B4F915 /* Sources */,
				3F6806A629CBBAF200B4F915 /* Frameworks */,
				3F6806A729CBBAF200B4F915 /* Resources */,
			);
			buildRules = (
			);
			dependencies = (
				3F6806AB29CBBAF200B4F915 /* PBXTargetDependency */,
			);
			name = FakeNFTTests;
			productName = FakeNFTTests;
			productReference = 3F6806A929CBBAF200B4F915 /* FakeNFTTests.xctest */;
			productType = "com.apple.product-type.bundle.unit-test";
		};
		3F6806B229CBBAF200B4F915 /* FakeNFTUITests */ = {
			isa = PBXNativeTarget;
			buildConfigurationList = 3F6806C329CBBAF200B4F915 /* Build configuration list for PBXNativeTarget "FakeNFTUITests" */;
			buildPhases = (
				3F6806AF29CBBAF200B4F915 /* Sources */,
				3F6806B029CBBAF200B4F915 /* Frameworks */,
				3F6806B129CBBAF200B4F915 /* Resources */,
			);
			buildRules = (
			);
			dependencies = (
				3F6806B529CBBAF200B4F915 /* PBXTargetDependency */,
			);
			name = FakeNFTUITests;
			productName = FakeNFTUITests;
			productReference = 3F6806B329CBBAF200B4F915 /* FakeNFTUITests.xctest */;
			productType = "com.apple.product-type.bundle.ui-testing";
		};
/* End PBXNativeTarget section */

/* Begin PBXProject section */
		3F68068B29CBBAF100B4F915 /* Project object */ = {
			isa = PBXProject;
			attributes = {
				BuildIndependentTargetsInParallel = 1;
				LastSwiftUpdateCheck = 1420;
				LastUpgradeCheck = 1420;
				TargetAttributes = {
					3F68069229CBBAF100B4F915 = {
						CreatedOnToolsVersion = 14.2;
					};
					3F6806A829CBBAF200B4F915 = {
						CreatedOnToolsVersion = 14.2;
						TestTargetID = 3F68069229CBBAF100B4F915;
					};
					3F6806B229CBBAF200B4F915 = {
						CreatedOnToolsVersion = 14.2;
						TestTargetID = 3F68069229CBBAF100B4F915;
					};
				};
			};
			buildConfigurationList = 3F68068E29CBBAF100B4F915 /* Build configuration list for PBXProject "FakeNFT" */;
			compatibilityVersion = "Xcode 14.0";
			developmentRegion = en;
			hasScannedForEncodings = 0;
			knownRegions = (
				en,
				Base,
				ru,
			);
			mainGroup = 3F68068A29CBBAF100B4F915;
			packageReferences = (
				3F603CCB29DB4A53000C43D7 /* XCRemoteSwiftPackageReference "ProgressHUD" */,
				3F603CCE29DB4A74000C43D7 /* XCRemoteSwiftPackageReference "Kingfisher" */,
			);
			productRefGroup = 3F68069429CBBAF100B4F915 /* Products */;
			projectDirPath = "";
			projectRoot = "";
			targets = (
				3F68069229CBBAF100B4F915 /* FakeNFT */,
				3F6806A829CBBAF200B4F915 /* FakeNFTTests */,
				3F6806B229CBBAF200B4F915 /* FakeNFTUITests */,
			);
		};
/* End PBXProject section */

/* Begin PBXResourcesBuildPhase section */
		3F68069129CBBAF100B4F915 /* Resources */ = {
			isa = PBXResourcesBuildPhase;
			buildActionMask = 2147483647;
			files = (
				3F6806A329CBBAF200B4F915 /* LaunchScreen.storyboard in Resources */,
				4D142D962AD53BC40048BE2D /* RatingScreen.strings in Resources */,
				3F6806A029CBBAF200B4F915 /* Assets.xcassets in Resources */,
				3F68069E29CBBAF100B4F915 /* Main.storyboard in Resources */,
				90D2125F2AF287590000EABB /* CollectionScreen.strings in Resources */,
				4D142D932AD53BC00048BE2D /* RatingScreen.strings in Resources */,
				4DFE259E2AF2858E00B32F5B /* CollectionScreen.strings in Resources */,
				90D212602AF2875C0000EABB /* StatisticProfileScreen.strings in Resources */,
				4DFE259D2AEE60F900B32F5B /* StatisticProfileScreen.strings in Resources */,
			);
			runOnlyForDeploymentPostprocessing = 0;
		};
		3F6806A729CBBAF200B4F915 /* Resources */ = {
			isa = PBXResourcesBuildPhase;
			buildActionMask = 2147483647;
			files = (
			);
			runOnlyForDeploymentPostprocessing = 0;
		};
		3F6806B129CBBAF200B4F915 /* Resources */ = {
			isa = PBXResourcesBuildPhase;
			buildActionMask = 2147483647;
			files = (
			);
			runOnlyForDeploymentPostprocessing = 0;
		};
/* End PBXResourcesBuildPhase section */

/* Begin PBXSourcesBuildPhase section */
		3F68068F29CBBAF100B4F915 /* Sources */ = {
			isa = PBXSourcesBuildPhase;
			buildActionMask = 2147483647;
			files = (
				3FC8C38B29D242E90081F015 /* ProductDetailsTableViewCell.swift in Sources */,
				3F478ECF29DB474E00F6D39E /* Colors.swift in Sources */,
				3F478ED129DB476500F6D39E /* Fonts.swift in Sources */,
				3FC8C39329D246BA0081F015 /* DateFormatters+Presets.swift in Sources */,
				90BB35012ADCBA4F0087D331 /* ShoppingBagPaymentPickerDataSource.swift in Sources */,
				90BB35082ADCCBE10087D331 /* ShoppingBagPaymentPickerStateStorage.swift in Sources */,
				3F68069B29CBBAF100B4F915 /* ProductDetailsTableViewController.swift in Sources */,
				3F6806D529CBBEC700B4F915 /* NetworkTask.swift in Sources */,
				3F68069729CBBAF100B4F915 /* AppDelegate.swift in Sources */,
				3F68069929CBBAF100B4F915 /* SceneDelegate.swift in Sources */,
				3FC8C39129D2453B0081F015 /* ExampleRequest.swift in Sources */,
				3F6806D729CBC50A00B4F915 /* CellsReusingUtils.swift in Sources */,
				90BB350F2ADCE9230087D331 /* ShoppingBagPaymentResultsViewController.swift in Sources */,
				3F6806D329CBBE9600B4F915 /* NetworkRequest.swift in Sources */,
				3F6806CB29CBBCC700B4F915 /* ExampleNetworkModel.swift in Sources */,
				3F6806D129CBBE6B00B4F915 /* NetworkClient.swift in Sources */,
				E5A4D13B6A2C907AFF44F276 /* ShoppingBagInteractor.swift in Sources */,
				90BB35132ADCE9580087D331 /* ShoppingBagPaymentResultsPresenter.swift in Sources */,
				AC30C20A583A7C01C69F8EB5 /* ShoppingOrder.swift in Sources */,
				EBC71A6AC9587CA66676A636 /* ShoppingBagPresenter.swift in Sources */,
				DA1BFAF6C75C2B82D50046D0 /* ShoppingBagViewOutput.swift in Sources */,
				6FF2D2BA73DEE7A4D1E75D8A /* ShoppingBagAssembly.swift in Sources */,
				90BB34FC2ADCB3A90087D331 /* CurrencyCell.swift in Sources */,
				90BB35062ADCC88C0087D331 /* ShoppingBagPaymentPickerLoader.swift in Sources */,
				90BB35112ADCE94E0087D331 /* ShoppingBagPaymentResultsAssembly.swift in Sources */,
				DBA5E96FDAB8286204290B4A /* ShoppingBagViewInput.swift in Sources */,
				30CD119FA2150D79B3DC9ED9 /* ShoppingBagLoader.swift in Sources */,
				F6549B40D4AD313E8FAE64BC /* ShoppingBagViewController.swift in Sources */,
				E81E1BB47021F7EC51A28131 /* NFT.swift in Sources */,
				B15A0FB5A97872028A7713FE /* UIBlockingProgressHUD.swift in Sources */,
				B1C009F74AA70BD534A88D2A /* ReferenceWrapper.swift in Sources */,
				6148E5713829F171A4CF7699 /* ShoppingBagStateStorage.swift in Sources */,
				90BB35042ADCBAB90087D331 /* ShoppingBagPaymentPickerModule.swift in Sources */,
				3B79CC1108DD433714A4B612 /* OrderCell.swift in Sources */,
				90BB350A2ADCD1330087D331 /* PaymentInfo.swift in Sources */,
				C792ACE471FA8CD0CA3EA40C /* ShoppingBagDataSource.swift in Sources */,
				9DB13729405BD6CB6080B9A5 /* OrderCellModel.swift in Sources */,
				5E7F0EEDA754C6DC12A832F7 /* ShoppingBagModule.swift in Sources */,
				306BA5B59ACBAB7D17580AAE /* ShoppingBagRouter.swift in Sources */,
				3FE13BC9D366ECE53E0DAA94 /* NFTPreviewView.swift in Sources */,
				33F6AD971A5BC1A922CB0421 /* WebViewController.swift in Sources */,
				999A265F2962BAB370D7B467 /* ShoppingBagPaymentPickerRouter.swift in Sources */,
				6A69F611D5166C7B55596ADC /* ShoppingBagPaymentPickerAssembly.swift in Sources */,
				42C6D2E0E5F0D26AEED47544 /* ShoppingBagPaymentPickerPresenter.swift in Sources */,
				ED66FB8680707B7700C00841 /* ShoppingBagPaymentPickerViewOutput.swift in Sources */,
				90BB34FA2ADCB3710087D331 /* Currency.swift in Sources */,
				90BB34FE2ADCB3B10087D331 /* CurrencyCellModel.swift in Sources */,
				13F1B41338C1417BC0F19BC1 /* ShoppingBagPaymentPickerViewController.swift in Sources */,
				B77D5FF860225FF08A47E863 /* ShoppingBagPaymentPickerInteractor.swift in Sources */,
				4A9BFD99ECCA28254493A3B6 /* ShoppingBagPaymentPickerViewInput.swift in Sources */,
				E6C82C6AEA394A8FDEB1B0C8 /* AlertPresenter.swift in Sources */,
				6F81273C54DF60267FE88C53 /* ShoppingOrderService.swift in Sources */,
				718C2267CDCA0B62E85C07CC /* ResizableCollectionView.swift in Sources */,
				B622139F703E6DF315712D22 /* CollectionPresenter.swift in Sources */,
				57F6D860B736DA9445D5CF5C /* NFTCollectionModel.swift in Sources */,
				1BD9690015FDC532B7C40BEF /* CatalogueString+Extensions.swift in Sources */,
				0372C7F4B326F1EF449E8C2E /* CollectionViewController.swift in Sources */,
				4CDC0871681846F3B0C904E7 /* LikesDTO.swift in Sources */,
				1CC3153E57E67C2D1C566D7A /* CatalogueService.swift in Sources */,
				734BF36582215E02052CE4ED /* ProfileModel.swift in Sources */,
				9F905F1E26A31FA46265D573 /* NFTModel.swift in Sources */,
				3F7973E95B92FE3E19B5A05C /* CatalogueCell.swift in Sources */,
				FA0AD9F36F161D9C96B93B0E /* NFTCell.swift in Sources */,
				C92335BE1F1E0C7C38160CB8 /* OrdersDTO.swift in Sources */,
				1942FBBE8D31043B6295B8A5 /* CartModel.swift in Sources */,
				38905C20C40154EA23E19FB6 /* UserModel.swift in Sources */,
				596090CA1F067D9BA3D01986 /* CataloguePresenter.swift in Sources */,
				535D135B1A3D325B0F8B0FBB /* CatalogueViewController.swift in Sources */,
				E89872B436DC695EF3865F28 /* User.swift in Sources */,
				11677B76270E200F5C8D5DCC /* Profile.swift in Sources */,
				CEBFD20A72A8068B401854FA /* ProfileService.swift in Sources */,
				E84A371362D964F38083DD15 /* OrderService.swift in Sources */,
				FEF4A896B2744D42FB1F80CB /* NFTsCollectionView.swift in Sources */,
				E3117A8461B97CF9EE183912 /* NFTViewModel.swift in Sources */,
				639101CD50E509E52B8F6131 /* NFTCollectionPresenter.swift in Sources */,
				BBD0486918AA8E33E40EB6B6 /* RatingCell.swift in Sources */,
				1449B944C3A25B9E6C7891EC /* RatingViewController.swift in Sources */,
				107456A73B8F9677AA2194A4 /* RatingViewPresenter.swift in Sources */,
				CECD57BC1632159752EDD9AA /* UserService.swift in Sources */,
				8C06D15DAE9E957D1C862E47 /* ProfileViewController.swift in Sources */,
				A18929DB00E40A0C705C983A /* ProfileViewPresenter.swift in Sources */,
				784DD5CC29215410A09FB5B3 /* NFTCollectionCell.swift in Sources */,
				015540B6BC84DC7F59BF5CDE /* NFTService.swift in Sources */,
				86D79FAE56462D8C66B5E453 /* Constants.swift in Sources */,
			);
			runOnlyForDeploymentPostprocessing = 0;
		};
		3F6806A529CBBAF200B4F915 /* Sources */ = {
			isa = PBXSourcesBuildPhase;
			buildActionMask = 2147483647;
			files = (
				3F6806AE29CBBAF200B4F915 /* ExampleUnitTests.swift in Sources */,
			);
			runOnlyForDeploymentPostprocessing = 0;
		};
		3F6806AF29CBBAF200B4F915 /* Sources */ = {
			isa = PBXSourcesBuildPhase;
			buildActionMask = 2147483647;
			files = (
				3F6806B829CBBAF200B4F915 /* FakeNFTUITests.swift in Sources */,
			);
			runOnlyForDeploymentPostprocessing = 0;
		};
/* End PBXSourcesBuildPhase section */

/* Begin PBXTargetDependency section */
		3F6806AB29CBBAF200B4F915 /* PBXTargetDependency */ = {
			isa = PBXTargetDependency;
			target = 3F68069229CBBAF100B4F915 /* FakeNFT */;
			targetProxy = 3F6806AA29CBBAF200B4F915 /* PBXContainerItemProxy */;
		};
		3F6806B529CBBAF200B4F915 /* PBXTargetDependency */ = {
			isa = PBXTargetDependency;
			target = 3F68069229CBBAF100B4F915 /* FakeNFT */;
			targetProxy = 3F6806B429CBBAF200B4F915 /* PBXContainerItemProxy */;
		};
/* End PBXTargetDependency section */

/* Begin PBXVariantGroup section */
		3F68069C29CBBAF100B4F915 /* Main.storyboard */ = {
			isa = PBXVariantGroup;
			children = (
				3F68069D29CBBAF100B4F915 /* Base */,
			);
			name = Main.storyboard;
			sourceTree = "<group>";
		};
		3F6806A129CBBAF200B4F915 /* LaunchScreen.storyboard */ = {
			isa = PBXVariantGroup;
			children = (
				3F6806A229CBBAF200B4F915 /* Base */,
			);
			name = LaunchScreen.storyboard;
			sourceTree = "<group>";
		};
		4D142D952AD53BC00048BE2D /* RatingScreen.strings */ = {
			isa = PBXVariantGroup;
			children = (
				4D142D992AD53C040048BE2D /* ru */,
			);
			name = RatingScreen.strings;
			sourceTree = "<group>";
		};
		4D142D982AD53BC40048BE2D /* RatingScreen.strings */ = {
			isa = PBXVariantGroup;
			children = (
				4D142D972AD53BC40048BE2D /* en */,
			);
			name = RatingScreen.strings;
			sourceTree = "<group>";
		};
		4DFE25A02AF2858E00B32F5B /* CollectionScreen.strings */ = {
			isa = PBXVariantGroup;
			children = (
				4DFE259F2AF2858E00B32F5B /* ru */,
			);
			name = CollectionScreen.strings;
			sourceTree = "<group>";
		};
		644342BFAB727E2BD04E79BC /* StatisticProfileScreen.strings */ = {
			isa = PBXVariantGroup;
			children = (
				080AE50594BA2BC773898512 /* en */,
			);
			name = StatisticProfileScreen.strings;
			sourceTree = "<group>";
		};
		ADB8E7E6706AACE57CAF53B4 /* StatisticProfileScreen.strings */ = {
			isa = PBXVariantGroup;
			children = (
				855BDE95AABEE8B674F05382 /* ru */,
			);
			name = StatisticProfileScreen.strings;
			sourceTree = "<group>";
		};
		E5F1F0CA12E6C615B821874E /* CollectionScreen.strings */ = {
			isa = PBXVariantGroup;
			children = (
				DE09FC550B64AFD2BA216F9A /* en */,
			);
			name = CollectionScreen.strings;
			sourceTree = "<group>";
		};
/* End PBXVariantGroup section */

/* Begin XCBuildConfiguration section */
		3F6806BB29CBBAF200B4F915 /* Debug */ = {
			isa = XCBuildConfiguration;
			buildSettings = {
				ALWAYS_SEARCH_USER_PATHS = NO;
				CLANG_ANALYZER_LOCALIZABILITY_NONLOCALIZED = YES;
				CLANG_ANALYZER_NONNULL = YES;
				CLANG_ANALYZER_NUMBER_OBJECT_CONVERSION = YES_AGGRESSIVE;
				CLANG_CXX_LANGUAGE_STANDARD = "gnu++20";
				CLANG_ENABLE_MODULES = YES;
				CLANG_ENABLE_OBJC_ARC = YES;
				CLANG_ENABLE_OBJC_WEAK = YES;
				CLANG_WARN_BLOCK_CAPTURE_AUTORELEASING = YES;
				CLANG_WARN_BOOL_CONVERSION = YES;
				CLANG_WARN_COMMA = YES;
				CLANG_WARN_CONSTANT_CONVERSION = YES;
				CLANG_WARN_DEPRECATED_OBJC_IMPLEMENTATIONS = YES;
				CLANG_WARN_DIRECT_OBJC_ISA_USAGE = YES_ERROR;
				CLANG_WARN_DOCUMENTATION_COMMENTS = YES;
				CLANG_WARN_EMPTY_BODY = YES;
				CLANG_WARN_ENUM_CONVERSION = YES;
				CLANG_WARN_INFINITE_RECURSION = YES;
				CLANG_WARN_INT_CONVERSION = YES;
				CLANG_WARN_NON_LITERAL_NULL_CONVERSION = YES;
				CLANG_WARN_OBJC_IMPLICIT_RETAIN_SELF = YES;
				CLANG_WARN_OBJC_LITERAL_CONVERSION = YES;
				CLANG_WARN_OBJC_ROOT_CLASS = YES_ERROR;
				CLANG_WARN_QUOTED_INCLUDE_IN_FRAMEWORK_HEADER = YES;
				CLANG_WARN_RANGE_LOOP_ANALYSIS = YES;
				CLANG_WARN_STRICT_PROTOTYPES = YES;
				CLANG_WARN_SUSPICIOUS_MOVE = YES;
				CLANG_WARN_UNGUARDED_AVAILABILITY = YES_AGGRESSIVE;
				CLANG_WARN_UNREACHABLE_CODE = YES;
				CLANG_WARN__DUPLICATE_METHOD_MATCH = YES;
				COPY_PHASE_STRIP = NO;
				DEBUG_INFORMATION_FORMAT = dwarf;
				ENABLE_STRICT_OBJC_MSGSEND = YES;
				ENABLE_TESTABILITY = YES;
				GCC_C_LANGUAGE_STANDARD = gnu11;
				GCC_DYNAMIC_NO_PIC = NO;
				GCC_NO_COMMON_BLOCKS = YES;
				GCC_OPTIMIZATION_LEVEL = 0;
				GCC_PREPROCESSOR_DEFINITIONS = (
					"DEBUG=1",
					"$(inherited)",
				);
				GCC_WARN_64_TO_32_BIT_CONVERSION = YES;
				GCC_WARN_ABOUT_RETURN_TYPE = YES_ERROR;
				GCC_WARN_UNDECLARED_SELECTOR = YES;
				GCC_WARN_UNINITIALIZED_AUTOS = YES_AGGRESSIVE;
				GCC_WARN_UNUSED_FUNCTION = YES;
				GCC_WARN_UNUSED_VARIABLE = YES;
				IPHONEOS_DEPLOYMENT_TARGET = 13.0;
				MTL_ENABLE_DEBUG_INFO = INCLUDE_SOURCE;
				MTL_FAST_MATH = YES;
				ONLY_ACTIVE_ARCH = YES;
				SDKROOT = iphoneos;
				SWIFT_ACTIVE_COMPILATION_CONDITIONS = DEBUG;
				SWIFT_OPTIMIZATION_LEVEL = "-Onone";
			};
			name = Debug;
		};
		3F6806BC29CBBAF200B4F915 /* Release */ = {
			isa = XCBuildConfiguration;
			buildSettings = {
				ALWAYS_SEARCH_USER_PATHS = NO;
				CLANG_ANALYZER_LOCALIZABILITY_NONLOCALIZED = YES;
				CLANG_ANALYZER_NONNULL = YES;
				CLANG_ANALYZER_NUMBER_OBJECT_CONVERSION = YES_AGGRESSIVE;
				CLANG_CXX_LANGUAGE_STANDARD = "gnu++20";
				CLANG_ENABLE_MODULES = YES;
				CLANG_ENABLE_OBJC_ARC = YES;
				CLANG_ENABLE_OBJC_WEAK = YES;
				CLANG_WARN_BLOCK_CAPTURE_AUTORELEASING = YES;
				CLANG_WARN_BOOL_CONVERSION = YES;
				CLANG_WARN_COMMA = YES;
				CLANG_WARN_CONSTANT_CONVERSION = YES;
				CLANG_WARN_DEPRECATED_OBJC_IMPLEMENTATIONS = YES;
				CLANG_WARN_DIRECT_OBJC_ISA_USAGE = YES_ERROR;
				CLANG_WARN_DOCUMENTATION_COMMENTS = YES;
				CLANG_WARN_EMPTY_BODY = YES;
				CLANG_WARN_ENUM_CONVERSION = YES;
				CLANG_WARN_INFINITE_RECURSION = YES;
				CLANG_WARN_INT_CONVERSION = YES;
				CLANG_WARN_NON_LITERAL_NULL_CONVERSION = YES;
				CLANG_WARN_OBJC_IMPLICIT_RETAIN_SELF = YES;
				CLANG_WARN_OBJC_LITERAL_CONVERSION = YES;
				CLANG_WARN_OBJC_ROOT_CLASS = YES_ERROR;
				CLANG_WARN_QUOTED_INCLUDE_IN_FRAMEWORK_HEADER = YES;
				CLANG_WARN_RANGE_LOOP_ANALYSIS = YES;
				CLANG_WARN_STRICT_PROTOTYPES = YES;
				CLANG_WARN_SUSPICIOUS_MOVE = YES;
				CLANG_WARN_UNGUARDED_AVAILABILITY = YES_AGGRESSIVE;
				CLANG_WARN_UNREACHABLE_CODE = YES;
				CLANG_WARN__DUPLICATE_METHOD_MATCH = YES;
				COPY_PHASE_STRIP = NO;
				DEBUG_INFORMATION_FORMAT = "dwarf-with-dsym";
				ENABLE_NS_ASSERTIONS = NO;
				ENABLE_STRICT_OBJC_MSGSEND = YES;
				GCC_C_LANGUAGE_STANDARD = gnu11;
				GCC_NO_COMMON_BLOCKS = YES;
				GCC_WARN_64_TO_32_BIT_CONVERSION = YES;
				GCC_WARN_ABOUT_RETURN_TYPE = YES_ERROR;
				GCC_WARN_UNDECLARED_SELECTOR = YES;
				GCC_WARN_UNINITIALIZED_AUTOS = YES_AGGRESSIVE;
				GCC_WARN_UNUSED_FUNCTION = YES;
				GCC_WARN_UNUSED_VARIABLE = YES;
				IPHONEOS_DEPLOYMENT_TARGET = 13.0;
				MTL_ENABLE_DEBUG_INFO = NO;
				MTL_FAST_MATH = YES;
				SDKROOT = iphoneos;
				SWIFT_COMPILATION_MODE = wholemodule;
				SWIFT_OPTIMIZATION_LEVEL = "-O";
				VALIDATE_PRODUCT = YES;
			};
			name = Release;
		};
		3F6806BE29CBBAF200B4F915 /* Debug */ = {
			isa = XCBuildConfiguration;
			buildSettings = {
				ASSETCATALOG_COMPILER_APPICON_NAME = AppIcon;
				ASSETCATALOG_COMPILER_GLOBAL_ACCENT_COLOR_NAME = AccentColor;
				CODE_SIGN_STYLE = Automatic;
				CURRENT_PROJECT_VERSION = 1;
				DEVELOPMENT_TEAM = "";
				GENERATE_INFOPLIST_FILE = YES;
				INFOPLIST_FILE = FakeNFT/Info.plist;
				INFOPLIST_KEY_UIApplicationSupportsIndirectInputEvents = YES;
				INFOPLIST_KEY_UILaunchStoryboardName = LaunchScreen;
				INFOPLIST_KEY_UIMainStoryboardFile = Main;
				INFOPLIST_KEY_UISupportedInterfaceOrientations_iPad = "UIInterfaceOrientationPortrait UIInterfaceOrientationPortraitUpsideDown UIInterfaceOrientationLandscapeLeft UIInterfaceOrientationLandscapeRight";
				INFOPLIST_KEY_UISupportedInterfaceOrientations_iPhone = "UIInterfaceOrientationPortrait UIInterfaceOrientationLandscapeLeft UIInterfaceOrientationLandscapeRight";
				IPHONEOS_DEPLOYMENT_TARGET = 13.0;
				LD_RUNPATH_SEARCH_PATHS = (
					"$(inherited)",
					"@executable_path/Frameworks",
				);
				MARKETING_VERSION = 1.0;
				PRODUCT_BUNDLE_IDENTIFIER = com.practicum.iOSDiplom.FakeNFT;
				PRODUCT_NAME = "$(TARGET_NAME)";
				SWIFT_EMIT_LOC_STRINGS = YES;
				SWIFT_VERSION = 5.0;
				TARGETED_DEVICE_FAMILY = "1,2";
			};
			name = Debug;
		};
		3F6806BF29CBBAF200B4F915 /* Release */ = {
			isa = XCBuildConfiguration;
			buildSettings = {
				ASSETCATALOG_COMPILER_APPICON_NAME = AppIcon;
				ASSETCATALOG_COMPILER_GLOBAL_ACCENT_COLOR_NAME = AccentColor;
				CODE_SIGN_STYLE = Automatic;
				CURRENT_PROJECT_VERSION = 1;
				DEVELOPMENT_TEAM = "";
				GENERATE_INFOPLIST_FILE = YES;
				INFOPLIST_FILE = FakeNFT/Info.plist;
				INFOPLIST_KEY_UIApplicationSupportsIndirectInputEvents = YES;
				INFOPLIST_KEY_UILaunchStoryboardName = LaunchScreen;
				INFOPLIST_KEY_UIMainStoryboardFile = Main;
				INFOPLIST_KEY_UISupportedInterfaceOrientations_iPad = "UIInterfaceOrientationPortrait UIInterfaceOrientationPortraitUpsideDown UIInterfaceOrientationLandscapeLeft UIInterfaceOrientationLandscapeRight";
				INFOPLIST_KEY_UISupportedInterfaceOrientations_iPhone = "UIInterfaceOrientationPortrait UIInterfaceOrientationLandscapeLeft UIInterfaceOrientationLandscapeRight";
				IPHONEOS_DEPLOYMENT_TARGET = 13.0;
				LD_RUNPATH_SEARCH_PATHS = (
					"$(inherited)",
					"@executable_path/Frameworks",
				);
				MARKETING_VERSION = 1.0;
				PRODUCT_BUNDLE_IDENTIFIER = com.practicum.iOSDiplom.FakeNFT;
				PRODUCT_NAME = "$(TARGET_NAME)";
				SWIFT_EMIT_LOC_STRINGS = YES;
				SWIFT_VERSION = 5.0;
				TARGETED_DEVICE_FAMILY = "1,2";
			};
			name = Release;
		};
		3F6806C129CBBAF200B4F915 /* Debug */ = {
			isa = XCBuildConfiguration;
			buildSettings = {
				ALWAYS_EMBED_SWIFT_STANDARD_LIBRARIES = YES;
				BUNDLE_LOADER = "$(TEST_HOST)";
				CODE_SIGN_STYLE = Automatic;
				CURRENT_PROJECT_VERSION = 1;
				GENERATE_INFOPLIST_FILE = YES;
				IPHONEOS_DEPLOYMENT_TARGET = 16.2;
				MARKETING_VERSION = 1.0;
				PRODUCT_BUNDLE_IDENTIFIER = com.practicum.FakeNFTTests;
				PRODUCT_NAME = "$(TARGET_NAME)";
				SWIFT_EMIT_LOC_STRINGS = NO;
				SWIFT_VERSION = 5.0;
				TARGETED_DEVICE_FAMILY = "1,2";
				TEST_HOST = "$(BUILT_PRODUCTS_DIR)/FakeNFT.app/$(BUNDLE_EXECUTABLE_FOLDER_PATH)/FakeNFT";
			};
			name = Debug;
		};
		3F6806C229CBBAF200B4F915 /* Release */ = {
			isa = XCBuildConfiguration;
			buildSettings = {
				ALWAYS_EMBED_SWIFT_STANDARD_LIBRARIES = YES;
				BUNDLE_LOADER = "$(TEST_HOST)";
				CODE_SIGN_STYLE = Automatic;
				CURRENT_PROJECT_VERSION = 1;
				GENERATE_INFOPLIST_FILE = YES;
				IPHONEOS_DEPLOYMENT_TARGET = 16.2;
				MARKETING_VERSION = 1.0;
				PRODUCT_BUNDLE_IDENTIFIER = com.practicum.FakeNFTTests;
				PRODUCT_NAME = "$(TARGET_NAME)";
				SWIFT_EMIT_LOC_STRINGS = NO;
				SWIFT_VERSION = 5.0;
				TARGETED_DEVICE_FAMILY = "1,2";
				TEST_HOST = "$(BUILT_PRODUCTS_DIR)/FakeNFT.app/$(BUNDLE_EXECUTABLE_FOLDER_PATH)/FakeNFT";
			};
			name = Release;
		};
		3F6806C429CBBAF200B4F915 /* Debug */ = {
			isa = XCBuildConfiguration;
			buildSettings = {
				ALWAYS_EMBED_SWIFT_STANDARD_LIBRARIES = YES;
				CODE_SIGN_STYLE = Automatic;
				CURRENT_PROJECT_VERSION = 1;
				GENERATE_INFOPLIST_FILE = YES;
				MARKETING_VERSION = 1.0;
				PRODUCT_BUNDLE_IDENTIFIER = com.practicum.FakeNFTUITests;
				PRODUCT_NAME = "$(TARGET_NAME)";
				SWIFT_EMIT_LOC_STRINGS = NO;
				SWIFT_VERSION = 5.0;
				TARGETED_DEVICE_FAMILY = "1,2";
				TEST_TARGET_NAME = FakeNFT;
			};
			name = Debug;
		};
		3F6806C529CBBAF200B4F915 /* Release */ = {
			isa = XCBuildConfiguration;
			buildSettings = {
				ALWAYS_EMBED_SWIFT_STANDARD_LIBRARIES = YES;
				CODE_SIGN_STYLE = Automatic;
				CURRENT_PROJECT_VERSION = 1;
				GENERATE_INFOPLIST_FILE = YES;
				MARKETING_VERSION = 1.0;
				PRODUCT_BUNDLE_IDENTIFIER = com.practicum.FakeNFTUITests;
				PRODUCT_NAME = "$(TARGET_NAME)";
				SWIFT_EMIT_LOC_STRINGS = NO;
				SWIFT_VERSION = 5.0;
				TARGETED_DEVICE_FAMILY = "1,2";
				TEST_TARGET_NAME = FakeNFT;
			};
			name = Release;
		};
/* End XCBuildConfiguration section */

/* Begin XCConfigurationList section */
		3F68068E29CBBAF100B4F915 /* Build configuration list for PBXProject "FakeNFT" */ = {
			isa = XCConfigurationList;
			buildConfigurations = (
				3F6806BB29CBBAF200B4F915 /* Debug */,
				3F6806BC29CBBAF200B4F915 /* Release */,
			);
			defaultConfigurationIsVisible = 0;
			defaultConfigurationName = Release;
		};
		3F6806BD29CBBAF200B4F915 /* Build configuration list for PBXNativeTarget "FakeNFT" */ = {
			isa = XCConfigurationList;
			buildConfigurations = (
				3F6806BE29CBBAF200B4F915 /* Debug */,
				3F6806BF29CBBAF200B4F915 /* Release */,
			);
			defaultConfigurationIsVisible = 0;
			defaultConfigurationName = Release;
		};
		3F6806C029CBBAF200B4F915 /* Build configuration list for PBXNativeTarget "FakeNFTTests" */ = {
			isa = XCConfigurationList;
			buildConfigurations = (
				3F6806C129CBBAF200B4F915 /* Debug */,
				3F6806C229CBBAF200B4F915 /* Release */,
			);
			defaultConfigurationIsVisible = 0;
			defaultConfigurationName = Release;
		};
		3F6806C329CBBAF200B4F915 /* Build configuration list for PBXNativeTarget "FakeNFTUITests" */ = {
			isa = XCConfigurationList;
			buildConfigurations = (
				3F6806C429CBBAF200B4F915 /* Debug */,
				3F6806C529CBBAF200B4F915 /* Release */,
			);
			defaultConfigurationIsVisible = 0;
			defaultConfigurationName = Release;
		};
/* End XCConfigurationList section */

/* Begin XCRemoteSwiftPackageReference section */
		3F603CCB29DB4A53000C43D7 /* XCRemoteSwiftPackageReference "ProgressHUD" */ = {
			isa = XCRemoteSwiftPackageReference;
			repositoryURL = "https://github.com/relatedcode/ProgressHUD";
			requirement = {
				kind = upToNextMajorVersion;
				minimumVersion = 13.0.0;
			};
		};
		3F603CCE29DB4A74000C43D7 /* XCRemoteSwiftPackageReference "Kingfisher" */ = {
			isa = XCRemoteSwiftPackageReference;
			repositoryURL = "https://github.com/onevcat/Kingfisher.git";
			requirement = {
				kind = upToNextMajorVersion;
				minimumVersion = 7.0.0;
			};
		};
/* End XCRemoteSwiftPackageReference section */

/* Begin XCSwiftPackageProductDependency section */
		3F603CCC29DB4A53000C43D7 /* ProgressHUD */ = {
			isa = XCSwiftPackageProductDependency;
			package = 3F603CCB29DB4A53000C43D7 /* XCRemoteSwiftPackageReference "ProgressHUD" */;
			productName = ProgressHUD;
		};
		3F603CCF29DB4A74000C43D7 /* Kingfisher */ = {
			isa = XCSwiftPackageProductDependency;
			package = 3F603CCE29DB4A74000C43D7 /* XCRemoteSwiftPackageReference "Kingfisher" */;
			productName = Kingfisher;
		};
/* End XCSwiftPackageProductDependency section */
	};
	rootObject = 3F68068B29CBBAF100B4F915 /* Project object */;
}
